// !$*UTF8*$!
{
	archiveVersion = 1;
	classes = {
	};
	objectVersion = 56;
	objects = {

/* Begin PBXBuildFile section */
		493BF28029505CD000E8A280 /* ProductDataModel.swift in Sources */ = {isa = PBXBuildFile; fileRef = 493BF27F29505CD000E8A280 /* ProductDataModel.swift */; };
		493BF28229505F7600E8A280 /* DetailHistoryView.swift in Sources */ = {isa = PBXBuildFile; fileRef = 493BF28129505F7600E8A280 /* DetailHistoryView.swift */; };
		493BF2852950604100E8A280 /* TopNavigationBar.swift in Sources */ = {isa = PBXBuildFile; fileRef = 493BF2842950604100E8A280 /* TopNavigationBar.swift */; };
		493BF2882950860800E8A280 /* SectionView.swift in Sources */ = {isa = PBXBuildFile; fileRef = 493BF2872950860800E8A280 /* SectionView.swift */; };
		493BF28A29508A4E00E8A280 /* HLabel.swift in Sources */ = {isa = PBXBuildFile; fileRef = 493BF28929508A4E00E8A280 /* HLabel.swift */; };
		4976F4C62938C8880061C781 /* Makaty_UIApp.swift in Sources */ = {isa = PBXBuildFile; fileRef = 4976F4C52938C8880061C781 /* Makaty_UIApp.swift */; };
		4976F4C82938C8880061C781 /* ContentView.swift in Sources */ = {isa = PBXBuildFile; fileRef = 4976F4C72938C8880061C781 /* ContentView.swift */; };
		4976F4CA2938C88A0061C781 /* Assets.xcassets in Resources */ = {isa = PBXBuildFile; fileRef = 4976F4C92938C88A0061C781 /* Assets.xcassets */; };
		4976F4CD2938C88A0061C781 /* Preview Assets.xcassets in Resources */ = {isa = PBXBuildFile; fileRef = 4976F4CC2938C88A0061C781 /* Preview Assets.xcassets */; };
		4976F4DC2938CFA80061C781 /* Launch Screen.storyboard in Resources */ = {isa = PBXBuildFile; fileRef = 4976F4DB2938CFA80061C781 /* Launch Screen.storyboard */; };
		4976F4DE2938D2390061C781 /* LaunchScreenWithAnim.swift in Sources */ = {isa = PBXBuildFile; fileRef = 4976F4DD2938D2390061C781 /* LaunchScreenWithAnim.swift */; };
		4976F4E22938DE970061C781 /* PointScreen.swift in Sources */ = {isa = PBXBuildFile; fileRef = 4976F4E12938DE970061C781 /* PointScreen.swift */; };
		4976F4E52938E1150061C781 /* LargeButton.swift in Sources */ = {isa = PBXBuildFile; fileRef = 4976F4E42938E1150061C781 /* LargeButton.swift */; };
		4976F4E82938EF5B0061C781 /* PointViewRow.swift in Sources */ = {isa = PBXBuildFile; fileRef = 4976F4E72938EF5B0061C781 /* PointViewRow.swift */; };
		4976F4EA2938F2410061C781 /* CustomLabel.swift in Sources */ = {isa = PBXBuildFile; fileRef = 4976F4E92938F2410061C781 /* CustomLabel.swift */; };
		4976F4EE2939CDE10061C781 /* PointModel.swift in Sources */ = {isa = PBXBuildFile; fileRef = 4976F4ED2939CDE10061C781 /* PointModel.swift */; };
		4976F4F02939D4830061C781 /* HistoryScreen.swift in Sources */ = {isa = PBXBuildFile; fileRef = 4976F4EF2939D4830061C781 /* HistoryScreen.swift */; };
		4976F4F32939D7C80061C781 /* PointFilterViewModel.swift in Sources */ = {isa = PBXBuildFile; fileRef = 4976F4F22939D7C80061C781 /* PointFilterViewModel.swift */; };
		4976F4F52939E7520061C781 /* PointViewModel.swift in Sources */ = {isa = PBXBuildFile; fileRef = 4976F4F42939E7520061C781 /* PointViewModel.swift */; };
		4976F4F92939F35C0061C781 /* CardScreen.swift in Sources */ = {isa = PBXBuildFile; fileRef = 4976F4F82939F35C0061C781 /* CardScreen.swift */; };
		4976F5012939FE430061C781 /* SideMenuScreen.swift in Sources */ = {isa = PBXBuildFile; fileRef = 4976F5002939FE430061C781 /* SideMenuScreen.swift */; };
		4976F507293A14A50061C781 /* LinkLabel.swift in Sources */ = {isa = PBXBuildFile; fileRef = 4976F506293A14A50061C781 /* LinkLabel.swift */; };
		4976F509293A163A0061C781 /* SideMenuViewModel.swift in Sources */ = {isa = PBXBuildFile; fileRef = 4976F508293A163A0061C781 /* SideMenuViewModel.swift */; };
		4976F50B293A28910061C781 /* RouterViewModel.swift in Sources */ = {isa = PBXBuildFile; fileRef = 4976F50A293A28910061C781 /* RouterViewModel.swift */; };
		4976F50D293A29290061C781 /* RouterScreen.swift in Sources */ = {isa = PBXBuildFile; fileRef = 4976F50C293A29290061C781 /* RouterScreen.swift */; };
		4976F50F293A30F80061C781 /* CustomToolBarContent.swift in Sources */ = {isa = PBXBuildFile; fileRef = 4976F50E293A30F80061C781 /* CustomToolBarContent.swift */; };
		4976F51B293A3A2F0061C781 /* ProfileScreen.swift in Sources */ = {isa = PBXBuildFile; fileRef = 4976F51A293A3A2F0061C781 /* ProfileScreen.swift */; };
		4976F51E293DC33E0061C781 /* TextFormField.swift in Sources */ = {isa = PBXBuildFile; fileRef = 4976F51D293DC33E0061C781 /* TextFormField.swift */; };
		4976F520293DCF8D0061C781 /* View+HideKeyboard.swift in Sources */ = {isa = PBXBuildFile; fileRef = 4976F51F293DCF8D0061C781 /* View+HideKeyboard.swift */; };
		4976F523293DD22F0061C781 /* CustomDatePicker.swift in Sources */ = {isa = PBXBuildFile; fileRef = 4976F522293DD22F0061C781 /* CustomDatePicker.swift */; };
		4976F527293DE0EE0061C781 /* TextWithButtonStyle.swift in Sources */ = {isa = PBXBuildFile; fileRef = 4976F526293DE0EE0061C781 /* TextWithButtonStyle.swift */; };
		4976F529293DE19C0061C781 /* View+TextStyle.swift in Sources */ = {isa = PBXBuildFile; fileRef = 4976F528293DE19B0061C781 /* View+TextStyle.swift */; };
		4976F52C293DE4030061C781 /* TextSubTitle.swift in Sources */ = {isa = PBXBuildFile; fileRef = 4976F52B293DE4030061C781 /* TextSubTitle.swift */; };
		4976F52F293DE5600061C781 /* CustomSwitch.swift in Sources */ = {isa = PBXBuildFile; fileRef = 4976F52E293DE5600061C781 /* CustomSwitch.swift */; };
		4976F534293DF0160061C781 /* LabelView.swift in Sources */ = {isa = PBXBuildFile; fileRef = 4976F533293DF0160061C781 /* LabelView.swift */; };
		4976F536293E181C0061C781 /* EditProfileScreen.swift in Sources */ = {isa = PBXBuildFile; fileRef = 4976F535293E181C0061C781 /* EditProfileScreen.swift */; };
		4976F539293E1B3C0061C781 /* Chips.swift in Sources */ = {isa = PBXBuildFile; fileRef = 4976F538293E1B3C0061C781 /* Chips.swift */; };
		4976F53B293E1C290061C781 /* ChipsContent.swift in Sources */ = {isa = PBXBuildFile; fileRef = 4976F53A293E1C290061C781 /* ChipsContent.swift */; };
		4976F53D293E1C8F0061C781 /* ChipsDataModel.swift in Sources */ = {isa = PBXBuildFile; fileRef = 4976F53C293E1C8F0061C781 /* ChipsDataModel.swift */; };
		4976F541293E2B1B0061C781 /* ExampleAlignmentGuide.swift in Sources */ = {isa = PBXBuildFile; fileRef = 4976F540293E2B1B0061C781 /* ExampleAlignmentGuide.swift */; };
		499CCBA22952EAEF00D8B782 /* SFProText-Thin.ttf in Resources */ = {isa = PBXBuildFile; fileRef = 499CCBA12952EABF00D8B782 /* SFProText-Thin.ttf */; };
		499CCBA32952EAF300D8B782 /* SFProText-Semibold.ttf in Resources */ = {isa = PBXBuildFile; fileRef = 499CCBA02952EAB700D8B782 /* SFProText-Semibold.ttf */; };
		499CCBA42952EAF600D8B782 /* SFProText-Regular.ttf in Resources */ = {isa = PBXBuildFile; fileRef = 499CCB9F2952EAB100D8B782 /* SFProText-Regular.ttf */; };
		499CCBA52952EAF800D8B782 /* SFProText-Medium.ttf in Resources */ = {isa = PBXBuildFile; fileRef = 499CCB9E2952EAAA00D8B782 /* SFProText-Medium.ttf */; };
		499CCBA62952EAFA00D8B782 /* SFProText-Light.ttf in Resources */ = {isa = PBXBuildFile; fileRef = 499CCB9D2952EAA200D8B782 /* SFProText-Light.ttf */; };
		499CCBA72952EAFC00D8B782 /* SFProText-Bold.ttf in Resources */ = {isa = PBXBuildFile; fileRef = 499CCB9C2952EA9600D8B782 /* SFProText-Bold.ttf */; };
		499CCBAA2952EBCF00D8B782 /* SFProText-Ultralight.ttf in Resources */ = {isa = PBXBuildFile; fileRef = 499CCBA92952EBCF00D8B782 /* SFProText-Ultralight.ttf */; };
		499CCBAC295480B600D8B782 /* SectionColoredView.swift in Sources */ = {isa = PBXBuildFile; fileRef = 499CCBAB295480B600D8B782 /* SectionColoredView.swift */; };
		499CCBB729557D5700D8B782 /* OutlinedLabel.swift in Sources */ = {isa = PBXBuildFile; fileRef = 499CCBB629557D5700D8B782 /* OutlinedLabel.swift */; };
		499CCBB929557E9E00D8B782 /* IconLabel.swift in Sources */ = {isa = PBXBuildFile; fileRef = 499CCBB829557E9E00D8B782 /* IconLabel.swift */; };
		49D221B429435987006B3730 /* PointLabelView.swift in Sources */ = {isa = PBXBuildFile; fileRef = 49D221B329435987006B3730 /* PointLabelView.swift */; };
		49D221B629435A40006B3730 /* CustomPointViewRow.swift in Sources */ = {isa = PBXBuildFile; fileRef = 49D221B529435A40006B3730 /* CustomPointViewRow.swift */; };
		49D221BB29435F92006B3730 /* FirebaseAuth in Frameworks */ = {isa = PBXBuildFile; productRef = 49D221BA29435F92006B3730 /* FirebaseAuth */; };
		49D221BD29435F92006B3730 /* FirebaseFirestore in Frameworks */ = {isa = PBXBuildFile; productRef = 49D221BC29435F92006B3730 /* FirebaseFirestore */; };
		49D221BF29435F92006B3730 /* FirebaseMessaging in Frameworks */ = {isa = PBXBuildFile; productRef = 49D221BE29435F92006B3730 /* FirebaseMessaging */; };
/* End PBXBuildFile section */

/* Begin PBXFileReference section */
		493BF27F29505CD000E8A280 /* ProductDataModel.swift */ = {isa = PBXFileReference; lastKnownFileType = sourcecode.swift; path = ProductDataModel.swift; sourceTree = "<group>"; };
		493BF28129505F7600E8A280 /* DetailHistoryView.swift */ = {isa = PBXFileReference; lastKnownFileType = sourcecode.swift; path = DetailHistoryView.swift; sourceTree = "<group>"; };
		493BF2842950604100E8A280 /* TopNavigationBar.swift */ = {isa = PBXFileReference; lastKnownFileType = sourcecode.swift; path = TopNavigationBar.swift; sourceTree = "<group>"; };
		493BF2872950860800E8A280 /* SectionView.swift */ = {isa = PBXFileReference; lastKnownFileType = sourcecode.swift; path = SectionView.swift; sourceTree = "<group>"; };
		493BF28929508A4E00E8A280 /* HLabel.swift */ = {isa = PBXFileReference; lastKnownFileType = sourcecode.swift; path = HLabel.swift; sourceTree = "<group>"; };
		4976F4C22938C8880061C781 /* Makaty_UI.app */ = {isa = PBXFileReference; explicitFileType = wrapper.application; includeInIndex = 0; path = Makaty_UI.app; sourceTree = BUILT_PRODUCTS_DIR; };
		4976F4C52938C8880061C781 /* Makaty_UIApp.swift */ = {isa = PBXFileReference; lastKnownFileType = sourcecode.swift; path = Makaty_UIApp.swift; sourceTree = "<group>"; };
		4976F4C72938C8880061C781 /* ContentView.swift */ = {isa = PBXFileReference; lastKnownFileType = sourcecode.swift; path = ContentView.swift; sourceTree = "<group>"; };
		4976F4C92938C88A0061C781 /* Assets.xcassets */ = {isa = PBXFileReference; lastKnownFileType = folder.assetcatalog; path = Assets.xcassets; sourceTree = "<group>"; };
		4976F4CC2938C88A0061C781 /* Preview Assets.xcassets */ = {isa = PBXFileReference; lastKnownFileType = folder.assetcatalog; path = "Preview Assets.xcassets"; sourceTree = "<group>"; };
		4976F4DB2938CFA80061C781 /* Launch Screen.storyboard */ = {isa = PBXFileReference; lastKnownFileType = file.storyboard; path = "Launch Screen.storyboard"; sourceTree = "<group>"; };
		4976F4DD2938D2390061C781 /* LaunchScreenWithAnim.swift */ = {isa = PBXFileReference; lastKnownFileType = sourcecode.swift; path = LaunchScreenWithAnim.swift; sourceTree = "<group>"; };
		4976F4E12938DE970061C781 /* PointScreen.swift */ = {isa = PBXFileReference; lastKnownFileType = sourcecode.swift; path = PointScreen.swift; sourceTree = "<group>"; };
		4976F4E42938E1150061C781 /* LargeButton.swift */ = {isa = PBXFileReference; lastKnownFileType = sourcecode.swift; path = LargeButton.swift; sourceTree = "<group>"; };
		4976F4E72938EF5B0061C781 /* PointViewRow.swift */ = {isa = PBXFileReference; lastKnownFileType = sourcecode.swift; path = PointViewRow.swift; sourceTree = "<group>"; };
		4976F4E92938F2410061C781 /* CustomLabel.swift */ = {isa = PBXFileReference; lastKnownFileType = sourcecode.swift; path = CustomLabel.swift; sourceTree = "<group>"; };
		4976F4ED2939CDE10061C781 /* PointModel.swift */ = {isa = PBXFileReference; lastKnownFileType = sourcecode.swift; path = PointModel.swift; sourceTree = "<group>"; };
		4976F4EF2939D4830061C781 /* HistoryScreen.swift */ = {isa = PBXFileReference; lastKnownFileType = sourcecode.swift; path = HistoryScreen.swift; sourceTree = "<group>"; };
		4976F4F22939D7C80061C781 /* PointFilterViewModel.swift */ = {isa = PBXFileReference; lastKnownFileType = sourcecode.swift; path = PointFilterViewModel.swift; sourceTree = "<group>"; };
		4976F4F42939E7520061C781 /* PointViewModel.swift */ = {isa = PBXFileReference; lastKnownFileType = sourcecode.swift; path = PointViewModel.swift; sourceTree = "<group>"; };
		4976F4F82939F35C0061C781 /* CardScreen.swift */ = {isa = PBXFileReference; lastKnownFileType = sourcecode.swift; path = CardScreen.swift; sourceTree = "<group>"; };
		4976F5002939FE430061C781 /* SideMenuScreen.swift */ = {isa = PBXFileReference; lastKnownFileType = sourcecode.swift; path = SideMenuScreen.swift; sourceTree = "<group>"; };
		4976F506293A14A50061C781 /* LinkLabel.swift */ = {isa = PBXFileReference; lastKnownFileType = sourcecode.swift; path = LinkLabel.swift; sourceTree = "<group>"; };
		4976F508293A163A0061C781 /* SideMenuViewModel.swift */ = {isa = PBXFileReference; lastKnownFileType = sourcecode.swift; path = SideMenuViewModel.swift; sourceTree = "<group>"; };
		4976F50A293A28910061C781 /* RouterViewModel.swift */ = {isa = PBXFileReference; lastKnownFileType = sourcecode.swift; path = RouterViewModel.swift; sourceTree = "<group>"; };
		4976F50C293A29290061C781 /* RouterScreen.swift */ = {isa = PBXFileReference; lastKnownFileType = sourcecode.swift; path = RouterScreen.swift; sourceTree = "<group>"; };
		4976F50E293A30F80061C781 /* CustomToolBarContent.swift */ = {isa = PBXFileReference; lastKnownFileType = sourcecode.swift; path = CustomToolBarContent.swift; sourceTree = "<group>"; };
		4976F51A293A3A2F0061C781 /* ProfileScreen.swift */ = {isa = PBXFileReference; lastKnownFileType = sourcecode.swift; path = ProfileScreen.swift; sourceTree = "<group>"; };
		4976F51D293DC33E0061C781 /* TextFormField.swift */ = {isa = PBXFileReference; lastKnownFileType = sourcecode.swift; path = TextFormField.swift; sourceTree = "<group>"; };
		4976F51F293DCF8D0061C781 /* View+HideKeyboard.swift */ = {isa = PBXFileReference; lastKnownFileType = sourcecode.swift; path = "View+HideKeyboard.swift"; sourceTree = "<group>"; };
		4976F522293DD22F0061C781 /* CustomDatePicker.swift */ = {isa = PBXFileReference; lastKnownFileType = sourcecode.swift; path = CustomDatePicker.swift; sourceTree = "<group>"; };
		4976F526293DE0EE0061C781 /* TextWithButtonStyle.swift */ = {isa = PBXFileReference; lastKnownFileType = sourcecode.swift; path = TextWithButtonStyle.swift; sourceTree = "<group>"; };
		4976F528293DE19B0061C781 /* View+TextStyle.swift */ = {isa = PBXFileReference; lastKnownFileType = sourcecode.swift; path = "View+TextStyle.swift"; sourceTree = "<group>"; };
		4976F52B293DE4030061C781 /* TextSubTitle.swift */ = {isa = PBXFileReference; lastKnownFileType = sourcecode.swift; path = TextSubTitle.swift; sourceTree = "<group>"; };
		4976F52E293DE5600061C781 /* CustomSwitch.swift */ = {isa = PBXFileReference; lastKnownFileType = sourcecode.swift; path = CustomSwitch.swift; sourceTree = "<group>"; };
		4976F533293DF0160061C781 /* LabelView.swift */ = {isa = PBXFileReference; lastKnownFileType = sourcecode.swift; path = LabelView.swift; sourceTree = "<group>"; };
		4976F535293E181C0061C781 /* EditProfileScreen.swift */ = {isa = PBXFileReference; lastKnownFileType = sourcecode.swift; path = EditProfileScreen.swift; sourceTree = "<group>"; };
		4976F538293E1B3C0061C781 /* Chips.swift */ = {isa = PBXFileReference; lastKnownFileType = sourcecode.swift; path = Chips.swift; sourceTree = "<group>"; };
		4976F53A293E1C290061C781 /* ChipsContent.swift */ = {isa = PBXFileReference; lastKnownFileType = sourcecode.swift; path = ChipsContent.swift; sourceTree = "<group>"; };
		4976F53C293E1C8F0061C781 /* ChipsDataModel.swift */ = {isa = PBXFileReference; lastKnownFileType = sourcecode.swift; path = ChipsDataModel.swift; sourceTree = "<group>"; };
		4976F540293E2B1B0061C781 /* ExampleAlignmentGuide.swift */ = {isa = PBXFileReference; lastKnownFileType = sourcecode.swift; path = ExampleAlignmentGuide.swift; sourceTree = "<group>"; };
		499CCB9C2952EA9600D8B782 /* SFProText-Bold.ttf */ = {isa = PBXFileReference; lastKnownFileType = file; path = "SFProText-Bold.ttf"; sourceTree = "<group>"; };
		499CCB9D2952EAA200D8B782 /* SFProText-Light.ttf */ = {isa = PBXFileReference; lastKnownFileType = file; path = "SFProText-Light.ttf"; sourceTree = "<group>"; };
		499CCB9E2952EAAA00D8B782 /* SFProText-Medium.ttf */ = {isa = PBXFileReference; lastKnownFileType = file; path = "SFProText-Medium.ttf"; sourceTree = "<group>"; };
		499CCB9F2952EAB100D8B782 /* SFProText-Regular.ttf */ = {isa = PBXFileReference; lastKnownFileType = file; path = "SFProText-Regular.ttf"; sourceTree = "<group>"; };
		499CCBA02952EAB700D8B782 /* SFProText-Semibold.ttf */ = {isa = PBXFileReference; lastKnownFileType = file; path = "SFProText-Semibold.ttf"; sourceTree = "<group>"; };
		499CCBA12952EABF00D8B782 /* SFProText-Thin.ttf */ = {isa = PBXFileReference; lastKnownFileType = file; path = "SFProText-Thin.ttf"; sourceTree = "<group>"; };
		499CCBA82952EB3C00D8B782 /* Makaty-UI-Info.plist */ = {isa = PBXFileReference; lastKnownFileType = text.plist; path = "Makaty-UI-Info.plist"; sourceTree = SOURCE_ROOT; };
		499CCBA92952EBCF00D8B782 /* SFProText-Ultralight.ttf */ = {isa = PBXFileReference; lastKnownFileType = file; path = "SFProText-Ultralight.ttf"; sourceTree = "<group>"; };
		499CCBAB295480B600D8B782 /* SectionColoredView.swift */ = {isa = PBXFileReference; lastKnownFileType = sourcecode.swift; path = SectionColoredView.swift; sourceTree = "<group>"; };
		499CCBB629557D5700D8B782 /* OutlinedLabel.swift */ = {isa = PBXFileReference; lastKnownFileType = sourcecode.swift; path = OutlinedLabel.swift; sourceTree = "<group>"; };
		499CCBB829557E9E00D8B782 /* IconLabel.swift */ = {isa = PBXFileReference; lastKnownFileType = sourcecode.swift; path = IconLabel.swift; sourceTree = "<group>"; };
		49D221B329435987006B3730 /* PointLabelView.swift */ = {isa = PBXFileReference; lastKnownFileType = sourcecode.swift; path = PointLabelView.swift; sourceTree = "<group>"; };
		49D221B529435A40006B3730 /* CustomPointViewRow.swift */ = {isa = PBXFileReference; lastKnownFileType = sourcecode.swift; path = CustomPointViewRow.swift; sourceTree = "<group>"; };
/* End PBXFileReference section */

/* Begin PBXFrameworksBuildPhase section */
		4976F4BF2938C8880061C781 /* Frameworks */ = {
			isa = PBXFrameworksBuildPhase;
			buildActionMask = 2147483647;
			files = (
				49D221BF29435F92006B3730 /* FirebaseMessaging in Frameworks */,
				49D221BB29435F92006B3730 /* FirebaseAuth in Frameworks */,
				49D221BD29435F92006B3730 /* FirebaseFirestore in Frameworks */,
			);
			runOnlyForDeploymentPostprocessing = 0;
		};
/* End PBXFrameworksBuildPhase section */

/* Begin PBXGroup section */
		493BF2832950602200E8A280 /* Navigation */ = {
			isa = PBXGroup;
			children = (
				493BF2842950604100E8A280 /* TopNavigationBar.swift */,
			);
			path = Navigation;
			sourceTree = "<group>";
		};
		493BF2862950848F00E8A280 /* Sections */ = {
			isa = PBXGroup;
			children = (
				493BF2872950860800E8A280 /* SectionView.swift */,
				493BF28929508A4E00E8A280 /* HLabel.swift */,
				499CCBAB295480B600D8B782 /* SectionColoredView.swift */,
			);
			path = Sections;
			sourceTree = "<group>";
		};
		4976F4B92938C8880061C781 = {
			isa = PBXGroup;
			children = (
				4976F4C42938C8880061C781 /* Makaty_UI */,
				4976F4C32938C8880061C781 /* Products */,
			);
			sourceTree = "<group>";
		};
		4976F4C32938C8880061C781 /* Products */ = {
			isa = PBXGroup;
			children = (
				4976F4C22938C8880061C781 /* Makaty_UI.app */,
			);
			name = Products;
			sourceTree = "<group>";
		};
		4976F4C42938C8880061C781 /* Makaty_UI */ = {
			isa = PBXGroup;
			children = (
				499CCBA82952EB3C00D8B782 /* Makaty-UI-Info.plist */,
				4976F4C72938C8880061C781 /* ContentView.swift */,
				4976F4C52938C8880061C781 /* Makaty_UIApp.swift */,
				4976F4D32938CD420061C781 /* Core */,
				4976F4FA2939F4430061C781 /* Utils */,
				4976F4D92938CDCE0061C781 /* Ressources */,
				4976F4D82938CDC10061C781 /* Extensions */,
				4976F4CB2938C88A0061C781 /* Preview Content */,
			);
			path = Makaty_UI;
			sourceTree = "<group>";
		};
		4976F4CB2938C88A0061C781 /* Preview Content */ = {
			isa = PBXGroup;
			children = (
				4976F4CC2938C88A0061C781 /* Preview Assets.xcassets */,
			);
			path = "Preview Content";
			sourceTree = "<group>";
		};
		4976F4D32938CD420061C781 /* Core */ = {
			isa = PBXGroup;
			children = (
				4976F4EB2939CDB20061C781 /* Models */,
				4976F52A293DE3D80061C781 /* Styles */,
				4976F4D62938CD980061C781 /* Components */,
				4976F4D52938CD8F0061C781 /* Screens */,
			);
			path = Core;
			sourceTree = "<group>";
		};
		4976F4D52938CD8F0061C781 /* Screens */ = {
			isa = PBXGroup;
			children = (
				4976F4DA2938CF080061C781 /* SplashScreen */,
				4976F4D72938CDB50061C781 /* Router */,
				4976F4FF2939FE280061C781 /* SideBarMenu */,
				4976F4DF2938DE250061C781 /* Points */,
				4976F4F62939F33F0061C781 /* Card */,
				4976F515293A39950061C781 /* Profile */,
			);
			path = Screens;
			sourceTree = "<group>";
		};
		4976F4D62938CD980061C781 /* Components */ = {
			isa = PBXGroup;
			children = (
				493BF2862950848F00E8A280 /* Sections */,
				493BF2832950602200E8A280 /* Navigation */,
				4976F53F293E2B040061C781 /* AlignmentGuide */,
				4976F537293E1B0E0061C781 /* Chips */,
				4976F530293DED000061C781 /* Label */,
				4976F52D293DE54F0061C781 /* Switch */,
				4976F521293DD21C0061C781 /* DatePicker */,
				4976F51C293DC25A0061C781 /* TextField */,
				4976F5022939FF530061C781 /* Router */,
				4976F4FC2939F7B60061C781 /* ToolBar */,
				4976F4E62938EF460061C781 /* Points */,
				4976F4E32938E0E00061C781 /* Buttons */,
			);
			path = Components;
			sourceTree = "<group>";
		};
		4976F4D72938CDB50061C781 /* Router */ = {
			isa = PBXGroup;
			children = (
				4976F514293A35FA0061C781 /* ViewModels */,
				4976F513293A35F20061C781 /* Views */,
			);
			path = Router;
			sourceTree = "<group>";
		};
		4976F4D82938CDC10061C781 /* Extensions */ = {
			isa = PBXGroup;
			children = (
				4976F51F293DCF8D0061C781 /* View+HideKeyboard.swift */,
				4976F528293DE19B0061C781 /* View+TextStyle.swift */,
			);
			path = Extensions;
			sourceTree = "<group>";
		};
		4976F4D92938CDCE0061C781 /* Ressources */ = {
			isa = PBXGroup;
			children = (
				499CCB9B2952EA5000D8B782 /* fonts */,
				4976F4C92938C88A0061C781 /* Assets.xcassets */,
			);
			path = Ressources;
			sourceTree = "<group>";
		};
		4976F4DA2938CF080061C781 /* SplashScreen */ = {
			isa = PBXGroup;
			children = (
				4976F4DB2938CFA80061C781 /* Launch Screen.storyboard */,
				4976F4DD2938D2390061C781 /* LaunchScreenWithAnim.swift */,
			);
			path = SplashScreen;
			sourceTree = "<group>";
		};
		4976F4DF2938DE250061C781 /* Points */ = {
			isa = PBXGroup;
			children = (
				4976F4F12939D77C0061C781 /* ViewModels */,
				4976F4E02938DE770061C781 /* Views */,
			);
			path = Points;
			sourceTree = "<group>";
		};
		4976F4E02938DE770061C781 /* Views */ = {
			isa = PBXGroup;
			children = (
				4976F4E12938DE970061C781 /* PointScreen.swift */,
				4976F4EF2939D4830061C781 /* HistoryScreen.swift */,
				493BF28129505F7600E8A280 /* DetailHistoryView.swift */,
			);
			path = Views;
			sourceTree = "<group>";
		};
		4976F4E32938E0E00061C781 /* Buttons */ = {
			isa = PBXGroup;
			children = (
				4976F4E42938E1150061C781 /* LargeButton.swift */,
				499CCBB629557D5700D8B782 /* OutlinedLabel.swift */,
				499CCBB829557E9E00D8B782 /* IconLabel.swift */,
			);
			path = Buttons;
			sourceTree = "<group>";
		};
		4976F4E62938EF460061C781 /* Points */ = {
			isa = PBXGroup;
			children = (
				4976F4E72938EF5B0061C781 /* PointViewRow.swift */,
				4976F4E92938F2410061C781 /* CustomLabel.swift */,
				49D221B529435A40006B3730 /* CustomPointViewRow.swift */,
			);
			path = Points;
			sourceTree = "<group>";
		};
		4976F4EB2939CDB20061C781 /* Models */ = {
			isa = PBXGroup;
			children = (
				4976F4EC2939CDC20061C781 /* Point */,
				4976F53C293E1C8F0061C781 /* ChipsDataModel.swift */,
				493BF27F29505CD000E8A280 /* ProductDataModel.swift */,
			);
			path = Models;
			sourceTree = "<group>";
		};
		4976F4EC2939CDC20061C781 /* Point */ = {
			isa = PBXGroup;
			children = (
				4976F4ED2939CDE10061C781 /* PointModel.swift */,
			);
			path = Point;
			sourceTree = "<group>";
		};
		4976F4F12939D77C0061C781 /* ViewModels */ = {
			isa = PBXGroup;
			children = (
				4976F4F22939D7C80061C781 /* PointFilterViewModel.swift */,
				4976F4F42939E7520061C781 /* PointViewModel.swift */,
			);
			path = ViewModels;
			sourceTree = "<group>";
		};
		4976F4F62939F33F0061C781 /* Card */ = {
			isa = PBXGroup;
			children = (
				4976F4F72939F3480061C781 /* Views */,
			);
			path = Card;
			sourceTree = "<group>";
		};
		4976F4F72939F3480061C781 /* Views */ = {
			isa = PBXGroup;
			children = (
				4976F4F82939F35C0061C781 /* CardScreen.swift */,
			);
			path = Views;
			sourceTree = "<group>";
		};
		4976F4FA2939F4430061C781 /* Utils */ = {
			isa = PBXGroup;
			children = (
				4976F4FB2939F4510061C781 /* Constant */,
			);
			path = Utils;
			sourceTree = "<group>";
		};
		4976F4FB2939F4510061C781 /* Constant */ = {
			isa = PBXGroup;
			children = (
			);
			path = Constant;
			sourceTree = "<group>";
		};
		4976F4FC2939F7B60061C781 /* ToolBar */ = {
			isa = PBXGroup;
			children = (
				4976F50E293A30F80061C781 /* CustomToolBarContent.swift */,
			);
			path = ToolBar;
			sourceTree = "<group>";
		};
		4976F4FF2939FE280061C781 /* SideBarMenu */ = {
			isa = PBXGroup;
			children = (
				4976F517293A39CC0061C781 /* ViewModels */,
				4976F516293A39C80061C781 /* Views */,
			);
			path = SideBarMenu;
			sourceTree = "<group>";
		};
		4976F5022939FF530061C781 /* Router */ = {
			isa = PBXGroup;
			children = (
				4976F506293A14A50061C781 /* LinkLabel.swift */,
			);
			path = Router;
			sourceTree = "<group>";
		};
		4976F513293A35F20061C781 /* Views */ = {
			isa = PBXGroup;
			children = (
				4976F50C293A29290061C781 /* RouterScreen.swift */,
			);
			path = Views;
			sourceTree = "<group>";
		};
		4976F514293A35FA0061C781 /* ViewModels */ = {
			isa = PBXGroup;
			children = (
				4976F50A293A28910061C781 /* RouterViewModel.swift */,
			);
			path = ViewModels;
			sourceTree = "<group>";
		};
		4976F515293A39950061C781 /* Profile */ = {
			isa = PBXGroup;
			children = (
				4976F519293A3A1F0061C781 /* ViewModels */,
				4976F518293A3A160061C781 /* Views */,
			);
			path = Profile;
			sourceTree = "<group>";
		};
		4976F516293A39C80061C781 /* Views */ = {
			isa = PBXGroup;
			children = (
				4976F5002939FE430061C781 /* SideMenuScreen.swift */,
			);
			path = Views;
			sourceTree = "<group>";
		};
		4976F517293A39CC0061C781 /* ViewModels */ = {
			isa = PBXGroup;
			children = (
				4976F508293A163A0061C781 /* SideMenuViewModel.swift */,
			);
			path = ViewModels;
			sourceTree = "<group>";
		};
		4976F518293A3A160061C781 /* Views */ = {
			isa = PBXGroup;
			children = (
				4976F51A293A3A2F0061C781 /* ProfileScreen.swift */,
				4976F535293E181C0061C781 /* EditProfileScreen.swift */,
			);
			path = Views;
			sourceTree = "<group>";
		};
		4976F519293A3A1F0061C781 /* ViewModels */ = {
			isa = PBXGroup;
			children = (
			);
			path = ViewModels;
			sourceTree = "<group>";
		};
		4976F51C293DC25A0061C781 /* TextField */ = {
			isa = PBXGroup;
			children = (
				4976F51D293DC33E0061C781 /* TextFormField.swift */,
			);
			path = TextField;
			sourceTree = "<group>";
		};
		4976F521293DD21C0061C781 /* DatePicker */ = {
			isa = PBXGroup;
			children = (
				4976F522293DD22F0061C781 /* CustomDatePicker.swift */,
			);
			path = DatePicker;
			sourceTree = "<group>";
		};
		4976F52A293DE3D80061C781 /* Styles */ = {
			isa = PBXGroup;
			children = (
				4976F526293DE0EE0061C781 /* TextWithButtonStyle.swift */,
				4976F52B293DE4030061C781 /* TextSubTitle.swift */,
			);
			path = Styles;
			sourceTree = "<group>";
		};
		4976F52D293DE54F0061C781 /* Switch */ = {
			isa = PBXGroup;
			children = (
				4976F52E293DE5600061C781 /* CustomSwitch.swift */,
			);
			path = Switch;
			sourceTree = "<group>";
		};
		4976F530293DED000061C781 /* Label */ = {
			isa = PBXGroup;
			children = (
				4976F533293DF0160061C781 /* LabelView.swift */,
				49D221B329435987006B3730 /* PointLabelView.swift */,
			);
			path = Label;
			sourceTree = "<group>";
		};
		4976F537293E1B0E0061C781 /* Chips */ = {
			isa = PBXGroup;
			children = (
				4976F538293E1B3C0061C781 /* Chips.swift */,
				4976F53A293E1C290061C781 /* ChipsContent.swift */,
			);
			path = Chips;
			sourceTree = "<group>";
		};
		4976F53F293E2B040061C781 /* AlignmentGuide */ = {
			isa = PBXGroup;
			children = (
				4976F540293E2B1B0061C781 /* ExampleAlignmentGuide.swift */,
			);
			path = AlignmentGuide;
			sourceTree = "<group>";
		};
		499CCB9B2952EA5000D8B782 /* fonts */ = {
			isa = PBXGroup;
			children = (
				499CCBA12952EABF00D8B782 /* SFProText-Thin.ttf */,
				499CCBA02952EAB700D8B782 /* SFProText-Semibold.ttf */,
				499CCBA92952EBCF00D8B782 /* SFProText-Ultralight.ttf */,
				499CCB9F2952EAB100D8B782 /* SFProText-Regular.ttf */,
				499CCB9E2952EAAA00D8B782 /* SFProText-Medium.ttf */,
				499CCB9D2952EAA200D8B782 /* SFProText-Light.ttf */,
				499CCB9C2952EA9600D8B782 /* SFProText-Bold.ttf */,
			);
			path = fonts;
			sourceTree = "<group>";
		};
/* End PBXGroup section */

/* Begin PBXNativeTarget section */
		4976F4C12938C8880061C781 /* Makaty_UI */ = {
			isa = PBXNativeTarget;
			buildConfigurationList = 4976F4D02938C88A0061C781 /* Build configuration list for PBXNativeTarget "Makaty_UI" */;
			buildPhases = (
				4976F4BE2938C8880061C781 /* Sources */,
				4976F4BF2938C8880061C781 /* Frameworks */,
				4976F4C02938C8880061C781 /* Resources */,
			);
			buildRules = (
			);
			dependencies = (
			);
			name = Makaty_UI;
			packageProductDependencies = (
				49D221BA29435F92006B3730 /* FirebaseAuth */,
				49D221BC29435F92006B3730 /* FirebaseFirestore */,
				49D221BE29435F92006B3730 /* FirebaseMessaging */,
			);
			productName = Makaty_UI;
			productReference = 4976F4C22938C8880061C781 /* Makaty_UI.app */;
			productType = "com.apple.product-type.application";
		};
/* End PBXNativeTarget section */

/* Begin PBXProject section */
		4976F4BA2938C8880061C781 /* Project object */ = {
			isa = PBXProject;
			attributes = {
				BuildIndependentTargetsInParallel = 1;
				LastSwiftUpdateCheck = 1410;
				LastUpgradeCheck = 1410;
				TargetAttributes = {
					4976F4C12938C8880061C781 = {
						CreatedOnToolsVersion = 14.1;
					};
				};
			};
			buildConfigurationList = 4976F4BD2938C8880061C781 /* Build configuration list for PBXProject "Makaty_UI" */;
			compatibilityVersion = "Xcode 14.0";
			developmentRegion = en;
			hasScannedForEncodings = 0;
			knownRegions = (
				en,
				Base,
			);
			mainGroup = 4976F4B92938C8880061C781;
			packageReferences = (
				49D221B929435F92006B3730 /* XCRemoteSwiftPackageReference "firebase-ios-sdk" */,
			);
			productRefGroup = 4976F4C32938C8880061C781 /* Products */;
			projectDirPath = "";
			projectRoot = "";
			targets = (
				4976F4C12938C8880061C781 /* Makaty_UI */,
			);
		};
/* End PBXProject section */

/* Begin PBXResourcesBuildPhase section */
		4976F4C02938C8880061C781 /* Resources */ = {
			isa = PBXResourcesBuildPhase;
			buildActionMask = 2147483647;
			files = (
				499CCBA62952EAFA00D8B782 /* SFProText-Light.ttf in Resources */,
				499CCBAA2952EBCF00D8B782 /* SFProText-Ultralight.ttf in Resources */,
				4976F4DC2938CFA80061C781 /* Launch Screen.storyboard in Resources */,
				499CCBA52952EAF800D8B782 /* SFProText-Medium.ttf in Resources */,
				4976F4CD2938C88A0061C781 /* Preview Assets.xcassets in Resources */,
				499CCBA42952EAF600D8B782 /* SFProText-Regular.ttf in Resources */,
				499CCBA22952EAEF00D8B782 /* SFProText-Thin.ttf in Resources */,
				499CCBA32952EAF300D8B782 /* SFProText-Semibold.ttf in Resources */,
				499CCBA72952EAFC00D8B782 /* SFProText-Bold.ttf in Resources */,
				4976F4CA2938C88A0061C781 /* Assets.xcassets in Resources */,
			);
			runOnlyForDeploymentPostprocessing = 0;
		};
/* End PBXResourcesBuildPhase section */

/* Begin PBXSourcesBuildPhase section */
		4976F4BE2938C8880061C781 /* Sources */ = {
			isa = PBXSourcesBuildPhase;
			buildActionMask = 2147483647;
			files = (
				49D221B429435987006B3730 /* PointLabelView.swift in Sources */,
				4976F4F52939E7520061C781 /* PointViewModel.swift in Sources */,
				4976F4DE2938D2390061C781 /* LaunchScreenWithAnim.swift in Sources */,
				49D221B629435A40006B3730 /* CustomPointViewRow.swift in Sources */,
				493BF2882950860800E8A280 /* SectionView.swift in Sources */,
				499CCBB929557E9E00D8B782 /* IconLabel.swift in Sources */,
				4976F523293DD22F0061C781 /* CustomDatePicker.swift in Sources */,
				4976F4E52938E1150061C781 /* LargeButton.swift in Sources */,
				493BF28A29508A4E00E8A280 /* HLabel.swift in Sources */,
				4976F529293DE19C0061C781 /* View+TextStyle.swift in Sources */,
				4976F527293DE0EE0061C781 /* TextWithButtonStyle.swift in Sources */,
				4976F51B293A3A2F0061C781 /* ProfileScreen.swift in Sources */,
				4976F4C82938C8880061C781 /* ContentView.swift in Sources */,
				4976F507293A14A50061C781 /* LinkLabel.swift in Sources */,
				4976F4F32939D7C80061C781 /* PointFilterViewModel.swift in Sources */,
				493BF2852950604100E8A280 /* TopNavigationBar.swift in Sources */,
				4976F51E293DC33E0061C781 /* TextFormField.swift in Sources */,
				4976F5012939FE430061C781 /* SideMenuScreen.swift in Sources */,
				4976F52F293DE5600061C781 /* CustomSwitch.swift in Sources */,
				4976F50D293A29290061C781 /* RouterScreen.swift in Sources */,
				4976F509293A163A0061C781 /* SideMenuViewModel.swift in Sources */,
				4976F541293E2B1B0061C781 /* ExampleAlignmentGuide.swift in Sources */,
				4976F53B293E1C290061C781 /* ChipsContent.swift in Sources */,
				4976F520293DCF8D0061C781 /* View+HideKeyboard.swift in Sources */,
				493BF28029505CD000E8A280 /* ProductDataModel.swift in Sources */,
				4976F4F92939F35C0061C781 /* CardScreen.swift in Sources */,
				4976F539293E1B3C0061C781 /* Chips.swift in Sources */,
				4976F4EA2938F2410061C781 /* CustomLabel.swift in Sources */,
				4976F4F02939D4830061C781 /* HistoryScreen.swift in Sources */,
				4976F4E22938DE970061C781 /* PointScreen.swift in Sources */,
				499CCBB729557D5700D8B782 /* OutlinedLabel.swift in Sources */,
				4976F53D293E1C8F0061C781 /* ChipsDataModel.swift in Sources */,
				4976F534293DF0160061C781 /* LabelView.swift in Sources */,
				4976F4E82938EF5B0061C781 /* PointViewRow.swift in Sources */,
				4976F50F293A30F80061C781 /* CustomToolBarContent.swift in Sources */,
				4976F52C293DE4030061C781 /* TextSubTitle.swift in Sources */,
				4976F50B293A28910061C781 /* RouterViewModel.swift in Sources */,
				499CCBAC295480B600D8B782 /* SectionColoredView.swift in Sources */,
				4976F536293E181C0061C781 /* EditProfileScreen.swift in Sources */,
				4976F4EE2939CDE10061C781 /* PointModel.swift in Sources */,
				493BF28229505F7600E8A280 /* DetailHistoryView.swift in Sources */,
				4976F4C62938C8880061C781 /* Makaty_UIApp.swift in Sources */,
			);
			runOnlyForDeploymentPostprocessing = 0;
		};
/* End PBXSourcesBuildPhase section */

/* Begin XCBuildConfiguration section */
		4976F4CE2938C88A0061C781 /* Debug */ = {
			isa = XCBuildConfiguration;
			buildSettings = {
				ALWAYS_SEARCH_USER_PATHS = NO;
				CLANG_ANALYZER_NONNULL = YES;
				CLANG_ANALYZER_NUMBER_OBJECT_CONVERSION = YES_AGGRESSIVE;
				CLANG_CXX_LANGUAGE_STANDARD = "gnu++20";
				CLANG_ENABLE_MODULES = YES;
				CLANG_ENABLE_OBJC_ARC = YES;
				CLANG_ENABLE_OBJC_WEAK = YES;
				CLANG_WARN_BLOCK_CAPTURE_AUTORELEASING = YES;
				CLANG_WARN_BOOL_CONVERSION = YES;
				CLANG_WARN_COMMA = YES;
				CLANG_WARN_CONSTANT_CONVERSION = YES;
				CLANG_WARN_DEPRECATED_OBJC_IMPLEMENTATIONS = YES;
				CLANG_WARN_DIRECT_OBJC_ISA_USAGE = YES_ERROR;
				CLANG_WARN_DOCUMENTATION_COMMENTS = YES;
				CLANG_WARN_EMPTY_BODY = YES;
				CLANG_WARN_ENUM_CONVERSION = YES;
				CLANG_WARN_INFINITE_RECURSION = YES;
				CLANG_WARN_INT_CONVERSION = YES;
				CLANG_WARN_NON_LITERAL_NULL_CONVERSION = YES;
				CLANG_WARN_OBJC_IMPLICIT_RETAIN_SELF = YES;
				CLANG_WARN_OBJC_LITERAL_CONVERSION = YES;
				CLANG_WARN_OBJC_ROOT_CLASS = YES_ERROR;
				CLANG_WARN_QUOTED_INCLUDE_IN_FRAMEWORK_HEADER = YES;
				CLANG_WARN_RANGE_LOOP_ANALYSIS = YES;
				CLANG_WARN_STRICT_PROTOTYPES = YES;
				CLANG_WARN_SUSPICIOUS_MOVE = YES;
				CLANG_WARN_UNGUARDED_AVAILABILITY = YES_AGGRESSIVE;
				CLANG_WARN_UNREACHABLE_CODE = YES;
				CLANG_WARN__DUPLICATE_METHOD_MATCH = YES;
				COPY_PHASE_STRIP = NO;
				DEBUG_INFORMATION_FORMAT = dwarf;
				ENABLE_STRICT_OBJC_MSGSEND = YES;
				ENABLE_TESTABILITY = YES;
				GCC_C_LANGUAGE_STANDARD = gnu11;
				GCC_DYNAMIC_NO_PIC = NO;
				GCC_NO_COMMON_BLOCKS = YES;
				GCC_OPTIMIZATION_LEVEL = 0;
				GCC_PREPROCESSOR_DEFINITIONS = (
					"DEBUG=1",
					"$(inherited)",
				);
				GCC_WARN_64_TO_32_BIT_CONVERSION = YES;
				GCC_WARN_ABOUT_RETURN_TYPE = YES_ERROR;
				GCC_WARN_UNDECLARED_SELECTOR = YES;
				GCC_WARN_UNINITIALIZED_AUTOS = YES_AGGRESSIVE;
				GCC_WARN_UNUSED_FUNCTION = YES;
				GCC_WARN_UNUSED_VARIABLE = YES;
				IPHONEOS_DEPLOYMENT_TARGET = 16.1;
				MTL_ENABLE_DEBUG_INFO = INCLUDE_SOURCE;
				MTL_FAST_MATH = YES;
				ONLY_ACTIVE_ARCH = YES;
				SDKROOT = iphoneos;
				SWIFT_ACTIVE_COMPILATION_CONDITIONS = DEBUG;
				SWIFT_OPTIMIZATION_LEVEL = "-Onone";
			};
			name = Debug;
		};
		4976F4CF2938C88A0061C781 /* Release */ = {
			isa = XCBuildConfiguration;
			buildSettings = {
				ALWAYS_SEARCH_USER_PATHS = NO;
				CLANG_ANALYZER_NONNULL = YES;
				CLANG_ANALYZER_NUMBER_OBJECT_CONVERSION = YES_AGGRESSIVE;
				CLANG_CXX_LANGUAGE_STANDARD = "gnu++20";
				CLANG_ENABLE_MODULES = YES;
				CLANG_ENABLE_OBJC_ARC = YES;
				CLANG_ENABLE_OBJC_WEAK = YES;
				CLANG_WARN_BLOCK_CAPTURE_AUTORELEASING = YES;
				CLANG_WARN_BOOL_CONVERSION = YES;
				CLANG_WARN_COMMA = YES;
				CLANG_WARN_CONSTANT_CONVERSION = YES;
				CLANG_WARN_DEPRECATED_OBJC_IMPLEMENTATIONS = YES;
				CLANG_WARN_DIRECT_OBJC_ISA_USAGE = YES_ERROR;
				CLANG_WARN_DOCUMENTATION_COMMENTS = YES;
				CLANG_WARN_EMPTY_BODY = YES;
				CLANG_WARN_ENUM_CONVERSION = YES;
				CLANG_WARN_INFINITE_RECURSION = YES;
				CLANG_WARN_INT_CONVERSION = YES;
				CLANG_WARN_NON_LITERAL_NULL_CONVERSION = YES;
				CLANG_WARN_OBJC_IMPLICIT_RETAIN_SELF = YES;
				CLANG_WARN_OBJC_LITERAL_CONVERSION = YES;
				CLANG_WARN_OBJC_ROOT_CLASS = YES_ERROR;
				CLANG_WARN_QUOTED_INCLUDE_IN_FRAMEWORK_HEADER = YES;
				CLANG_WARN_RANGE_LOOP_ANALYSIS = YES;
				CLANG_WARN_STRICT_PROTOTYPES = YES;
				CLANG_WARN_SUSPICIOUS_MOVE = YES;
				CLANG_WARN_UNGUARDED_AVAILABILITY = YES_AGGRESSIVE;
				CLANG_WARN_UNREACHABLE_CODE = YES;
				CLANG_WARN__DUPLICATE_METHOD_MATCH = YES;
				COPY_PHASE_STRIP = NO;
				DEBUG_INFORMATION_FORMAT = "dwarf-with-dsym";
				ENABLE_NS_ASSERTIONS = NO;
				ENABLE_STRICT_OBJC_MSGSEND = YES;
				GCC_C_LANGUAGE_STANDARD = gnu11;
				GCC_NO_COMMON_BLOCKS = YES;
				GCC_WARN_64_TO_32_BIT_CONVERSION = YES;
				GCC_WARN_ABOUT_RETURN_TYPE = YES_ERROR;
				GCC_WARN_UNDECLARED_SELECTOR = YES;
				GCC_WARN_UNINITIALIZED_AUTOS = YES_AGGRESSIVE;
				GCC_WARN_UNUSED_FUNCTION = YES;
				GCC_WARN_UNUSED_VARIABLE = YES;
				IPHONEOS_DEPLOYMENT_TARGET = 16.1;
				MTL_ENABLE_DEBUG_INFO = NO;
				MTL_FAST_MATH = YES;
				SDKROOT = iphoneos;
				SWIFT_COMPILATION_MODE = wholemodule;
				SWIFT_OPTIMIZATION_LEVEL = "-O";
				VALIDATE_PRODUCT = YES;
			};
			name = Release;
		};
		4976F4D12938C88A0061C781 /* Debug */ = {
			isa = XCBuildConfiguration;
			buildSettings = {
				ASSETCATALOG_COMPILER_APPICON_NAME = AppIcon;
				ASSETCATALOG_COMPILER_GLOBAL_ACCENT_COLOR_NAME = AccentColor;
				CODE_SIGN_STYLE = Automatic;
				CURRENT_PROJECT_VERSION = 1;
				DEVELOPMENT_ASSET_PATHS = "\"Makaty_UI/Preview Content\"";
				DEVELOPMENT_TEAM = 5LP3MC28Z5;
				ENABLE_PREVIEWS = YES;
				GENERATE_INFOPLIST_FILE = YES;
				INFOPLIST_FILE = "Makaty-UI-Info.plist";
				INFOPLIST_KEY_UIApplicationSceneManifest_Generation = YES;
				INFOPLIST_KEY_UIApplicationSupportsIndirectInputEvents = YES;
				INFOPLIST_KEY_UILaunchStoryboardName = "Launch Screen.storyboard";
				INFOPLIST_KEY_UISupportedInterfaceOrientations_iPad = "UIInterfaceOrientationPortrait UIInterfaceOrientationPortraitUpsideDown UIInterfaceOrientationLandscapeLeft UIInterfaceOrientationLandscapeRight";
				INFOPLIST_KEY_UISupportedInterfaceOrientations_iPhone = "UIInterfaceOrientationPortrait UIInterfaceOrientationLandscapeLeft UIInterfaceOrientationLandscapeRight";
				LD_RUNPATH_SEARCH_PATHS = (
					"$(inherited)",
					"@executable_path/Frameworks",
				);
				MARKETING_VERSION = 1.0;
				PRODUCT_BUNDLE_IDENTIFIER = "com.codetech.Makaty-UI";
				PRODUCT_NAME = "$(TARGET_NAME)";
				SWIFT_EMIT_LOC_STRINGS = YES;
				SWIFT_VERSION = 5.0;
				TARGETED_DEVICE_FAMILY = "1,2";
			};
			name = Debug;
		};
		4976F4D22938C88A0061C781 /* Release */ = {
			isa = XCBuildConfiguration;
			buildSettings = {
				ASSETCATALOG_COMPILER_APPICON_NAME = AppIcon;
				ASSETCATALOG_COMPILER_GLOBAL_ACCENT_COLOR_NAME = AccentColor;
				CODE_SIGN_STYLE = Automatic;
				CURRENT_PROJECT_VERSION = 1;
				DEVELOPMENT_ASSET_PATHS = "\"Makaty_UI/Preview Content\"";
				DEVELOPMENT_TEAM = 5LP3MC28Z5;
				ENABLE_PREVIEWS = YES;
				GENERATE_INFOPLIST_FILE = YES;
				INFOPLIST_FILE = "Makaty-UI-Info.plist";
				INFOPLIST_KEY_UIApplicationSceneManifest_Generation = YES;
				INFOPLIST_KEY_UIApplicationSupportsIndirectInputEvents = YES;
				INFOPLIST_KEY_UILaunchStoryboardName = "Launch Screen.storyboard";
				INFOPLIST_KEY_UISupportedInterfaceOrientations_iPad = "UIInterfaceOrientationPortrait UIInterfaceOrientationPortraitUpsideDown UIInterfaceOrientationLandscapeLeft UIInterfaceOrientationLandscapeRight";
				INFOPLIST_KEY_UISupportedInterfaceOrientations_iPhone = "UIInterfaceOrientationPortrait UIInterfaceOrientationLandscapeLeft UIInterfaceOrientationLandscapeRight";
				LD_RUNPATH_SEARCH_PATHS = (
					"$(inherited)",
					"@executable_path/Frameworks",
				);
				MARKETING_VERSION = 1.0;
				PRODUCT_BUNDLE_IDENTIFIER = "com.codetech.Makaty-UI";
				PRODUCT_NAME = "$(TARGET_NAME)";
				SWIFT_EMIT_LOC_STRINGS = YES;
				SWIFT_VERSION = 5.0;
				TARGETED_DEVICE_FAMILY = "1,2";
			};
			name = Release;
		};
/* End XCBuildConfiguration section */

/* Begin XCConfigurationList section */
		4976F4BD2938C8880061C781 /* Build configuration list for PBXProject "Makaty_UI" */ = {
			isa = XCConfigurationList;
			buildConfigurations = (
				4976F4CE2938C88A0061C781 /* Debug */,
				4976F4CF2938C88A0061C781 /* Release */,
			);
			defaultConfigurationIsVisible = 0;
			defaultConfigurationName = Release;
		};
		4976F4D02938C88A0061C781 /* Build configuration list for PBXNativeTarget "Makaty_UI" */ = {
			isa = XCConfigurationList;
			buildConfigurations = (
				4976F4D12938C88A0061C781 /* Debug */,
				4976F4D22938C88A0061C781 /* Release */,
			);
			defaultConfigurationIsVisible = 0;
			defaultConfigurationName = Release;
		};
/* End XCConfigurationList section */

/* Begin XCRemoteSwiftPackageReference section */
		49D221B929435F92006B3730 /* XCRemoteSwiftPackageReference "firebase-ios-sdk" */ = {
			isa = XCRemoteSwiftPackageReference;
			repositoryURL = "https://github.com/firebase/firebase-ios-sdk";
			requirement = {
				branch = master;
				kind = branch;
			};
		};
/* End XCRemoteSwiftPackageReference section */

/* Begin XCSwiftPackageProductDependency section */
		49D221BA29435F92006B3730 /* FirebaseAuth */ = {
			isa = XCSwiftPackageProductDependency;
			package = 49D221B929435F92006B3730 /* XCRemoteSwiftPackageReference "firebase-ios-sdk" */;
			productName = FirebaseAuth;
		};
		49D221BC29435F92006B3730 /* FirebaseFirestore */ = {
			isa = XCSwiftPackageProductDependency;
			package = 49D221B929435F92006B3730 /* XCRemoteSwiftPackageReference "firebase-ios-sdk" */;
			productName = FirebaseFirestore;
		};
		49D221BE29435F92006B3730 /* FirebaseMessaging */ = {
			isa = XCSwiftPackageProductDependency;
			package = 49D221B929435F92006B3730 /* XCRemoteSwiftPackageReference "firebase-ios-sdk" */;
			productName = FirebaseMessaging;
		};
/* End XCSwiftPackageProductDependency section */
	};
	rootObject = 4976F4BA2938C8880061C781 /* Project object */;
}
