// !$*UTF8*$!
{
	archiveVersion = 1;
	classes = {
	};
	objectVersion = 56;
	objects = {

/* Begin PBXBuildFile section */
		493BF28029505CD000E8A280 /* ProductDataModel.swift in Sources */ = {isa = PBXBuildFile; fileRef = 493BF27F29505CD000E8A280 /* ProductDataModel.swift */; };
		493BF28229505F7600E8A280 /* DetailHistoryView.swift in Sources */ = {isa = PBXBuildFile; fileRef = 493BF28129505F7600E8A280 /* DetailHistoryView.swift */; };
		493BF2852950604100E8A280 /* TopNavigationBar.swift in Sources */ = {isa = PBXBuildFile; fileRef = 493BF2842950604100E8A280 /* TopNavigationBar.swift */; };
		493BF2882950860800E8A280 /* SectionView.swift in Sources */ = {isa = PBXBuildFile; fileRef = 493BF2872950860800E8A280 /* SectionView.swift */; };
		493BF28A29508A4E00E8A280 /* HLabel.swift in Sources */ = {isa = PBXBuildFile; fileRef = 493BF28929508A4E00E8A280 /* HLabel.swift */; };
		49468505295C898100A53532 /* PurshasedProductDataModel.swift in Sources */ = {isa = PBXBuildFile; fileRef = 49468504295C898100A53532 /* PurshasedProductDataModel.swift */; };
		49468508295D5E0D00A53532 /* NetworkMonitor.swift in Sources */ = {isa = PBXBuildFile; fileRef = 49468507295D5E0D00A53532 /* NetworkMonitor.swift */; };
		4946850B295D5E6C00A53532 /* NetworkAlert.swift in Sources */ = {isa = PBXBuildFile; fileRef = 4946850A295D5E6C00A53532 /* NetworkAlert.swift */; };
		4946850D295D6AA100A53532 /* Binding+Extensions.swift in Sources */ = {isa = PBXBuildFile; fileRef = 4946850C295D6AA100A53532 /* Binding+Extensions.swift */; };
		4976F4C62938C8880061C781 /* Makaty_UIApp.swift in Sources */ = {isa = PBXBuildFile; fileRef = 4976F4C52938C8880061C781 /* Makaty_UIApp.swift */; };
		4976F4C82938C8880061C781 /* ContentView.swift in Sources */ = {isa = PBXBuildFile; fileRef = 4976F4C72938C8880061C781 /* ContentView.swift */; };
		4976F4CA2938C88A0061C781 /* Assets.xcassets in Resources */ = {isa = PBXBuildFile; fileRef = 4976F4C92938C88A0061C781 /* Assets.xcassets */; };
		4976F4CD2938C88A0061C781 /* Preview Assets.xcassets in Resources */ = {isa = PBXBuildFile; fileRef = 4976F4CC2938C88A0061C781 /* Preview Assets.xcassets */; };
		4976F4DC2938CFA80061C781 /* Launch Screen.storyboard in Resources */ = {isa = PBXBuildFile; fileRef = 4976F4DB2938CFA80061C781 /* Launch Screen.storyboard */; };
		4976F4DE2938D2390061C781 /* LaunchScreenWithAnim.swift in Sources */ = {isa = PBXBuildFile; fileRef = 4976F4DD2938D2390061C781 /* LaunchScreenWithAnim.swift */; };
		4976F4E22938DE970061C781 /* HomeScreen.swift in Sources */ = {isa = PBXBuildFile; fileRef = 4976F4E12938DE970061C781 /* HomeScreen.swift */; };
		4976F4E52938E1150061C781 /* LargeButton.swift in Sources */ = {isa = PBXBuildFile; fileRef = 4976F4E42938E1150061C781 /* LargeButton.swift */; };
		4976F4EE2939CDE10061C781 /* OrderDataModel.swift in Sources */ = {isa = PBXBuildFile; fileRef = 4976F4ED2939CDE10061C781 /* OrderDataModel.swift */; };
		4976F4F02939D4830061C781 /* HistoryScreen.swift in Sources */ = {isa = PBXBuildFile; fileRef = 4976F4EF2939D4830061C781 /* HistoryScreen.swift */; };
		4976F4F32939D7C80061C781 /* PointFilterViewModel.swift in Sources */ = {isa = PBXBuildFile; fileRef = 4976F4F22939D7C80061C781 /* PointFilterViewModel.swift */; };
		4976F4F52939E7520061C781 /* PointViewModel.swift in Sources */ = {isa = PBXBuildFile; fileRef = 4976F4F42939E7520061C781 /* PointViewModel.swift */; };
		4976F4F92939F35C0061C781 /* CardScreen.swift in Sources */ = {isa = PBXBuildFile; fileRef = 4976F4F82939F35C0061C781 /* CardScreen.swift */; };
		4976F5012939FE430061C781 /* SideMenuScreen.swift in Sources */ = {isa = PBXBuildFile; fileRef = 4976F5002939FE430061C781 /* SideMenuScreen.swift */; };
		4976F507293A14A50061C781 /* LinkLabel.swift in Sources */ = {isa = PBXBuildFile; fileRef = 4976F506293A14A50061C781 /* LinkLabel.swift */; };
		4976F509293A163A0061C781 /* SideMenuViewModel.swift in Sources */ = {isa = PBXBuildFile; fileRef = 4976F508293A163A0061C781 /* SideMenuViewModel.swift */; };
		4976F50B293A28910061C781 /* RouterViewModel.swift in Sources */ = {isa = PBXBuildFile; fileRef = 4976F50A293A28910061C781 /* RouterViewModel.swift */; };
		4976F50D293A29290061C781 /* RouterScreen.swift in Sources */ = {isa = PBXBuildFile; fileRef = 4976F50C293A29290061C781 /* RouterScreen.swift */; };
		4976F50F293A30F80061C781 /* CustomToolBarContent.swift in Sources */ = {isa = PBXBuildFile; fileRef = 4976F50E293A30F80061C781 /* CustomToolBarContent.swift */; };
		4976F51B293A3A2F0061C781 /* ProfileScreen.swift in Sources */ = {isa = PBXBuildFile; fileRef = 4976F51A293A3A2F0061C781 /* ProfileScreen.swift */; };
		4976F51E293DC33E0061C781 /* TextFormField.swift in Sources */ = {isa = PBXBuildFile; fileRef = 4976F51D293DC33E0061C781 /* TextFormField.swift */; };
		4976F520293DCF8D0061C781 /* View+HideKeyboard.swift in Sources */ = {isa = PBXBuildFile; fileRef = 4976F51F293DCF8D0061C781 /* View+HideKeyboard.swift */; };
		4976F523293DD22F0061C781 /* CustomDatePicker.swift in Sources */ = {isa = PBXBuildFile; fileRef = 4976F522293DD22F0061C781 /* CustomDatePicker.swift */; };
		4976F527293DE0EE0061C781 /* TextWithButtonStyle.swift in Sources */ = {isa = PBXBuildFile; fileRef = 4976F526293DE0EE0061C781 /* TextWithButtonStyle.swift */; };
		4976F529293DE19C0061C781 /* View+TextStyle.swift in Sources */ = {isa = PBXBuildFile; fileRef = 4976F528293DE19B0061C781 /* View+TextStyle.swift */; };
		4976F52C293DE4030061C781 /* TextStyle.swift in Sources */ = {isa = PBXBuildFile; fileRef = 4976F52B293DE4030061C781 /* TextStyle.swift */; };
		4976F52F293DE5600061C781 /* CustomSwitch.swift in Sources */ = {isa = PBXBuildFile; fileRef = 4976F52E293DE5600061C781 /* CustomSwitch.swift */; };
		4976F534293DF0160061C781 /* TextFieldDisabled.swift in Sources */ = {isa = PBXBuildFile; fileRef = 4976F533293DF0160061C781 /* TextFieldDisabled.swift */; };
		4976F536293E181C0061C781 /* EditProfileScreen.swift in Sources */ = {isa = PBXBuildFile; fileRef = 4976F535293E181C0061C781 /* EditProfileScreen.swift */; };
		4976F539293E1B3C0061C781 /* Chips.swift in Sources */ = {isa = PBXBuildFile; fileRef = 4976F538293E1B3C0061C781 /* Chips.swift */; };
		4976F53B293E1C290061C781 /* ChipsContent.swift in Sources */ = {isa = PBXBuildFile; fileRef = 4976F53A293E1C290061C781 /* ChipsContent.swift */; };
		4976F53D293E1C8F0061C781 /* ChipDataModel.swift in Sources */ = {isa = PBXBuildFile; fileRef = 4976F53C293E1C8F0061C781 /* ChipDataModel.swift */; };
		4976F541293E2B1B0061C781 /* ExampleAlignmentGuide.swift in Sources */ = {isa = PBXBuildFile; fileRef = 4976F540293E2B1B0061C781 /* ExampleAlignmentGuide.swift */; };
		499CCBA22952EAEF00D8B782 /* SFProText-Thin.ttf in Resources */ = {isa = PBXBuildFile; fileRef = 499CCBA12952EABF00D8B782 /* SFProText-Thin.ttf */; };
		499CCBA32952EAF300D8B782 /* SFProText-Semibold.ttf in Resources */ = {isa = PBXBuildFile; fileRef = 499CCBA02952EAB700D8B782 /* SFProText-Semibold.ttf */; };
		499CCBA42952EAF600D8B782 /* SFProText-Regular.ttf in Resources */ = {isa = PBXBuildFile; fileRef = 499CCB9F2952EAB100D8B782 /* SFProText-Regular.ttf */; };
		499CCBA52952EAF800D8B782 /* SFProText-Medium.ttf in Resources */ = {isa = PBXBuildFile; fileRef = 499CCB9E2952EAAA00D8B782 /* SFProText-Medium.ttf */; };
		499CCBA62952EAFA00D8B782 /* SFProText-Light.ttf in Resources */ = {isa = PBXBuildFile; fileRef = 499CCB9D2952EAA200D8B782 /* SFProText-Light.ttf */; };
		499CCBA72952EAFC00D8B782 /* SFProText-Bold.ttf in Resources */ = {isa = PBXBuildFile; fileRef = 499CCB9C2952EA9600D8B782 /* SFProText-Bold.ttf */; };
		499CCBAA2952EBCF00D8B782 /* SFProText-Ultralight.ttf in Resources */ = {isa = PBXBuildFile; fileRef = 499CCBA92952EBCF00D8B782 /* SFProText-Ultralight.ttf */; };
		499CCBAC295480B600D8B782 /* SectionColoredView.swift in Sources */ = {isa = PBXBuildFile; fileRef = 499CCBAB295480B600D8B782 /* SectionColoredView.swift */; };
		499CCBB729557D5700D8B782 /* OutlinedButton.swift in Sources */ = {isa = PBXBuildFile; fileRef = 499CCBB629557D5700D8B782 /* OutlinedButton.swift */; };
		499CCBB929557E9E00D8B782 /* IconButton.swift in Sources */ = {isa = PBXBuildFile; fileRef = 499CCBB829557E9E00D8B782 /* IconButton.swift */; };
		499CCBBB2955D02E00D8B782 /* Color+Extensions.swift in Sources */ = {isa = PBXBuildFile; fileRef = 499CCBBA2955D02E00D8B782 /* Color+Extensions.swift */; };
		499CCBBE29596B6E00D8B782 /* ProblematicView.swift in Sources */ = {isa = PBXBuildFile; fileRef = 499CCBBD29596B6E00D8B782 /* ProblematicView.swift */; };
		499CCBC02959791000D8B782 /* UserNotActivedScreen.swift in Sources */ = {isa = PBXBuildFile; fileRef = 499CCBBF2959790F00D8B782 /* UserNotActivedScreen.swift */; };
		499CCBC529597E7E00D8B782 /* OfferViewModel.swift in Sources */ = {isa = PBXBuildFile; fileRef = 499CCBC429597E7E00D8B782 /* OfferViewModel.swift */; };
		499CCBC829597F1900D8B782 /* OfferDataModel.swift in Sources */ = {isa = PBXBuildFile; fileRef = 499CCBC729597F1900D8B782 /* OfferDataModel.swift */; };
		499CCBCC295981EE00D8B782 /* OfferViewRow.swift in Sources */ = {isa = PBXBuildFile; fileRef = 499CCBCB295981EE00D8B782 /* OfferViewRow.swift */; };
		499CCBCE2959A37C00D8B782 /* OfferScreen.swift in Sources */ = {isa = PBXBuildFile; fileRef = 499CCBCD2959A37C00D8B782 /* OfferScreen.swift */; };
		499CCBD02959C39D00D8B782 /* ProductsScreen.swift in Sources */ = {isa = PBXBuildFile; fileRef = 499CCBCF2959C39D00D8B782 /* ProductsScreen.swift */; };
		499CCBD22959C49F00D8B782 /* PointLabel.swift in Sources */ = {isa = PBXBuildFile; fileRef = 499CCBD12959C49F00D8B782 /* PointLabel.swift */; };
		499CCBD42959C71500D8B782 /* PaymentLabel.swift in Sources */ = {isa = PBXBuildFile; fileRef = 499CCBD32959C71500D8B782 /* PaymentLabel.swift */; };
		499CCBD72959CDA200D8B782 /* ProductViewRow.swift in Sources */ = {isa = PBXBuildFile; fileRef = 499CCBD62959CDA200D8B782 /* ProductViewRow.swift */; };
		499CCBDC2959DBE100D8B782 /* TipsScreen.swift in Sources */ = {isa = PBXBuildFile; fileRef = 499CCBDB2959DBE100D8B782 /* TipsScreen.swift */; };
		499CCBE02959DCA400D8B782 /* ArticleFilterViewModel.swift in Sources */ = {isa = PBXBuildFile; fileRef = 499CCBDF2959DCA400D8B782 /* ArticleFilterViewModel.swift */; };
		499CCBE32959DE2A00D8B782 /* TipDataModel.swift in Sources */ = {isa = PBXBuildFile; fileRef = 499CCBE22959DE2A00D8B782 /* TipDataModel.swift */; };
		499CCBE52959DE9000D8B782 /* TipViewModel.swift in Sources */ = {isa = PBXBuildFile; fileRef = 499CCBE42959DE9000D8B782 /* TipViewModel.swift */; };
		499CCBE82959DFAA00D8B782 /* TipViewRow.swift in Sources */ = {isa = PBXBuildFile; fileRef = 499CCBE72959DFAA00D8B782 /* TipViewRow.swift */; };
		499CCBEA295AC8DC00D8B782 /* TipScreen.swift in Sources */ = {isa = PBXBuildFile; fileRef = 499CCBE9295AC8DC00D8B782 /* TipScreen.swift */; };
		499CCBF0295AD30800D8B782 /* StringProtocol+Extensions.swift in Sources */ = {isa = PBXBuildFile; fileRef = 499CCBEF295AD30800D8B782 /* StringProtocol+Extensions.swift */; };
		499CCBF2295AD32D00D8B782 /* Text+Extensions.swift in Sources */ = {isa = PBXBuildFile; fileRef = 499CCBF1295AD32D00D8B782 /* Text+Extensions.swift */; };
		499CCBF5295B095D00D8B782 /* Kingfisher in Frameworks */ = {isa = PBXBuildFile; productRef = 499CCBF4295B095D00D8B782 /* Kingfisher */; };
		49AB67272977C049006B4695 /* Alamofire in Frameworks */ = {isa = PBXBuildFile; productRef = 49AB67262977C049006B4695 /* Alamofire */; };
		49AB672B2977C09A006B4695 /* AuthViewModel.swift in Sources */ = {isa = PBXBuildFile; fileRef = 49AB672A2977C09A006B4695 /* AuthViewModel.swift */; };
		49AB672D2977C481006B4695 /* UserDataModel.swift in Sources */ = {isa = PBXBuildFile; fileRef = 49AB672C2977C481006B4695 /* UserDataModel.swift */; };
		49AB67322977C69F006B4695 /* EndPoint.swift in Sources */ = {isa = PBXBuildFile; fileRef = 49AB67312977C69F006B4695 /* EndPoint.swift */; };
		49AB67352977C6F1006B4695 /* Service.swift in Sources */ = {isa = PBXBuildFile; fileRef = 49AB67342977C6F1006B4695 /* Service.swift */; };
		49AB67382977C808006B4695 /* SignInRes.swift in Sources */ = {isa = PBXBuildFile; fileRef = 49AB67372977C808006B4695 /* SignInRes.swift */; };
		49AB673A2977C8DE006B4695 /* NetworkErrorDataModel.swift in Sources */ = {isa = PBXBuildFile; fileRef = 49AB67392977C8DE006B4695 /* NetworkErrorDataModel.swift */; };
		49AB673C2977C9AE006B4695 /* SignInBody.swift in Sources */ = {isa = PBXBuildFile; fileRef = 49AB673B2977C9AE006B4695 /* SignInBody.swift */; };
		49AB673F2977D467006B4695 /* UserRes.swift in Sources */ = {isa = PBXBuildFile; fileRef = 49AB673E2977D467006B4695 /* UserRes.swift */; };
		49C7F8D42964420E000EF6FE /* NotificationAlert.swift in Sources */ = {isa = PBXBuildFile; fileRef = 49C7F8D32964420E000EF6FE /* NotificationAlert.swift */; };
		49C7F8D929644967000EF6FE /* ActivateNotifScreen.swift in Sources */ = {isa = PBXBuildFile; fileRef = 49C7F8D829644967000EF6FE /* ActivateNotifScreen.swift */; };
		49C7F8DB29644EC0000EF6FE /* FixedButton.swift in Sources */ = {isa = PBXBuildFile; fileRef = 49C7F8DA29644EC0000EF6FE /* FixedButton.swift */; };
		49C7F8DE2964563A000EF6FE /* Utils.swift in Sources */ = {isa = PBXBuildFile; fileRef = 49C7F8DD2964563A000EF6FE /* Utils.swift */; };
		49C7F8E029645658000EF6FE /* Constants.swift in Sources */ = {isa = PBXBuildFile; fileRef = 49C7F8DF29645658000EF6FE /* Constants.swift */; };
		49C7F8E229646F10000EF6FE /* Shape+Extensions.swift in Sources */ = {isa = PBXBuildFile; fileRef = 49C7F8E129646F10000EF6FE /* Shape+Extensions.swift */; };
		49D221B429435987006B3730 /* IconWithLabel.swift in Sources */ = {isa = PBXBuildFile; fileRef = 49D221B329435987006B3730 /* IconWithLabel.swift */; };
		49D221B629435A40006B3730 /* CustomPointViewRow.swift in Sources */ = {isa = PBXBuildFile; fileRef = 49D221B529435A40006B3730 /* CustomPointViewRow.swift */; };
		49D221BB29435F92006B3730 /* FirebaseAuth in Frameworks */ = {isa = PBXBuildFile; productRef = 49D221BA29435F92006B3730 /* FirebaseAuth */; };
		49D221BD29435F92006B3730 /* FirebaseFirestore in Frameworks */ = {isa = PBXBuildFile; productRef = 49D221BC29435F92006B3730 /* FirebaseFirestore */; };
		49D221BF29435F92006B3730 /* FirebaseMessaging in Frameworks */ = {isa = PBXBuildFile; productRef = 49D221BE29435F92006B3730 /* FirebaseMessaging */; };
/* End PBXBuildFile section */

/* Begin PBXFileReference section */
		493BF27F29505CD000E8A280 /* ProductDataModel.swift */ = {isa = PBXFileReference; lastKnownFileType = sourcecode.swift; path = ProductDataModel.swift; sourceTree = "<group>"; };
		493BF28129505F7600E8A280 /* DetailHistoryView.swift */ = {isa = PBXFileReference; lastKnownFileType = sourcecode.swift; path = DetailHistoryView.swift; sourceTree = "<group>"; };
		493BF2842950604100E8A280 /* TopNavigationBar.swift */ = {isa = PBXFileReference; lastKnownFileType = sourcecode.swift; path = TopNavigationBar.swift; sourceTree = "<group>"; };
		493BF2872950860800E8A280 /* SectionView.swift */ = {isa = PBXFileReference; lastKnownFileType = sourcecode.swift; path = SectionView.swift; sourceTree = "<group>"; };
		493BF28929508A4E00E8A280 /* HLabel.swift */ = {isa = PBXFileReference; lastKnownFileType = sourcecode.swift; path = HLabel.swift; sourceTree = "<group>"; };
		49468504295C898100A53532 /* PurshasedProductDataModel.swift */ = {isa = PBXFileReference; lastKnownFileType = sourcecode.swift; path = PurshasedProductDataModel.swift; sourceTree = "<group>"; };
		49468507295D5E0D00A53532 /* NetworkMonitor.swift */ = {isa = PBXFileReference; lastKnownFileType = sourcecode.swift; path = NetworkMonitor.swift; sourceTree = "<group>"; };
		4946850A295D5E6C00A53532 /* NetworkAlert.swift */ = {isa = PBXFileReference; lastKnownFileType = sourcecode.swift; path = NetworkAlert.swift; sourceTree = "<group>"; };
		4946850C295D6AA100A53532 /* Binding+Extensions.swift */ = {isa = PBXFileReference; lastKnownFileType = sourcecode.swift; path = "Binding+Extensions.swift"; sourceTree = "<group>"; };
		4976F4C22938C8880061C781 /* Makaty_UI.app */ = {isa = PBXFileReference; explicitFileType = wrapper.application; includeInIndex = 0; path = Makaty_UI.app; sourceTree = BUILT_PRODUCTS_DIR; };
		4976F4C52938C8880061C781 /* Makaty_UIApp.swift */ = {isa = PBXFileReference; lastKnownFileType = sourcecode.swift; path = Makaty_UIApp.swift; sourceTree = "<group>"; };
		4976F4C72938C8880061C781 /* ContentView.swift */ = {isa = PBXFileReference; lastKnownFileType = sourcecode.swift; path = ContentView.swift; sourceTree = "<group>"; };
		4976F4C92938C88A0061C781 /* Assets.xcassets */ = {isa = PBXFileReference; lastKnownFileType = folder.assetcatalog; path = Assets.xcassets; sourceTree = "<group>"; };
		4976F4CC2938C88A0061C781 /* Preview Assets.xcassets */ = {isa = PBXFileReference; lastKnownFileType = folder.assetcatalog; path = "Preview Assets.xcassets"; sourceTree = "<group>"; };
		4976F4DB2938CFA80061C781 /* Launch Screen.storyboard */ = {isa = PBXFileReference; lastKnownFileType = file.storyboard; path = "Launch Screen.storyboard"; sourceTree = "<group>"; };
		4976F4DD2938D2390061C781 /* LaunchScreenWithAnim.swift */ = {isa = PBXFileReference; lastKnownFileType = sourcecode.swift; path = LaunchScreenWithAnim.swift; sourceTree = "<group>"; };
		4976F4E12938DE970061C781 /* HomeScreen.swift */ = {isa = PBXFileReference; lastKnownFileType = sourcecode.swift; path = HomeScreen.swift; sourceTree = "<group>"; };
		4976F4E42938E1150061C781 /* LargeButton.swift */ = {isa = PBXFileReference; lastKnownFileType = sourcecode.swift; path = LargeButton.swift; sourceTree = "<group>"; };
		4976F4ED2939CDE10061C781 /* OrderDataModel.swift */ = {isa = PBXFileReference; lastKnownFileType = sourcecode.swift; path = OrderDataModel.swift; sourceTree = "<group>"; };
		4976F4EF2939D4830061C781 /* HistoryScreen.swift */ = {isa = PBXFileReference; lastKnownFileType = sourcecode.swift; path = HistoryScreen.swift; sourceTree = "<group>"; };
		4976F4F22939D7C80061C781 /* PointFilterViewModel.swift */ = {isa = PBXFileReference; lastKnownFileType = sourcecode.swift; path = PointFilterViewModel.swift; sourceTree = "<group>"; };
		4976F4F42939E7520061C781 /* PointViewModel.swift */ = {isa = PBXFileReference; lastKnownFileType = sourcecode.swift; path = PointViewModel.swift; sourceTree = "<group>"; };
		4976F4F82939F35C0061C781 /* CardScreen.swift */ = {isa = PBXFileReference; lastKnownFileType = sourcecode.swift; path = CardScreen.swift; sourceTree = "<group>"; };
		4976F5002939FE430061C781 /* SideMenuScreen.swift */ = {isa = PBXFileReference; lastKnownFileType = sourcecode.swift; path = SideMenuScreen.swift; sourceTree = "<group>"; };
		4976F506293A14A50061C781 /* LinkLabel.swift */ = {isa = PBXFileReference; lastKnownFileType = sourcecode.swift; path = LinkLabel.swift; sourceTree = "<group>"; };
		4976F508293A163A0061C781 /* SideMenuViewModel.swift */ = {isa = PBXFileReference; lastKnownFileType = sourcecode.swift; path = SideMenuViewModel.swift; sourceTree = "<group>"; };
		4976F50A293A28910061C781 /* RouterViewModel.swift */ = {isa = PBXFileReference; lastKnownFileType = sourcecode.swift; path = RouterViewModel.swift; sourceTree = "<group>"; };
		4976F50C293A29290061C781 /* RouterScreen.swift */ = {isa = PBXFileReference; lastKnownFileType = sourcecode.swift; path = RouterScreen.swift; sourceTree = "<group>"; };
		4976F50E293A30F80061C781 /* CustomToolBarContent.swift */ = {isa = PBXFileReference; lastKnownFileType = sourcecode.swift; path = CustomToolBarContent.swift; sourceTree = "<group>"; };
		4976F51A293A3A2F0061C781 /* ProfileScreen.swift */ = {isa = PBXFileReference; lastKnownFileType = sourcecode.swift; path = ProfileScreen.swift; sourceTree = "<group>"; };
		4976F51D293DC33E0061C781 /* TextFormField.swift */ = {isa = PBXFileReference; lastKnownFileType = sourcecode.swift; path = TextFormField.swift; sourceTree = "<group>"; };
		4976F51F293DCF8D0061C781 /* View+HideKeyboard.swift */ = {isa = PBXFileReference; lastKnownFileType = sourcecode.swift; path = "View+HideKeyboard.swift"; sourceTree = "<group>"; };
		4976F522293DD22F0061C781 /* CustomDatePicker.swift */ = {isa = PBXFileReference; lastKnownFileType = sourcecode.swift; path = CustomDatePicker.swift; sourceTree = "<group>"; };
		4976F526293DE0EE0061C781 /* TextWithButtonStyle.swift */ = {isa = PBXFileReference; lastKnownFileType = sourcecode.swift; path = TextWithButtonStyle.swift; sourceTree = "<group>"; };
		4976F528293DE19B0061C781 /* View+TextStyle.swift */ = {isa = PBXFileReference; lastKnownFileType = sourcecode.swift; path = "View+TextStyle.swift"; sourceTree = "<group>"; };
		4976F52B293DE4030061C781 /* TextStyle.swift */ = {isa = PBXFileReference; lastKnownFileType = sourcecode.swift; path = TextStyle.swift; sourceTree = "<group>"; };
		4976F52E293DE5600061C781 /* CustomSwitch.swift */ = {isa = PBXFileReference; lastKnownFileType = sourcecode.swift; path = CustomSwitch.swift; sourceTree = "<group>"; };
		4976F533293DF0160061C781 /* TextFieldDisabled.swift */ = {isa = PBXFileReference; lastKnownFileType = sourcecode.swift; path = TextFieldDisabled.swift; sourceTree = "<group>"; };
		4976F535293E181C0061C781 /* EditProfileScreen.swift */ = {isa = PBXFileReference; lastKnownFileType = sourcecode.swift; path = EditProfileScreen.swift; sourceTree = "<group>"; };
		4976F538293E1B3C0061C781 /* Chips.swift */ = {isa = PBXFileReference; lastKnownFileType = sourcecode.swift; path = Chips.swift; sourceTree = "<group>"; };
		4976F53A293E1C290061C781 /* ChipsContent.swift */ = {isa = PBXFileReference; lastKnownFileType = sourcecode.swift; path = ChipsContent.swift; sourceTree = "<group>"; };
		4976F53C293E1C8F0061C781 /* ChipDataModel.swift */ = {isa = PBXFileReference; lastKnownFileType = sourcecode.swift; path = ChipDataModel.swift; sourceTree = "<group>"; };
		4976F540293E2B1B0061C781 /* ExampleAlignmentGuide.swift */ = {isa = PBXFileReference; lastKnownFileType = sourcecode.swift; path = ExampleAlignmentGuide.swift; sourceTree = "<group>"; };
		499CCB9C2952EA9600D8B782 /* SFProText-Bold.ttf */ = {isa = PBXFileReference; lastKnownFileType = file; path = "SFProText-Bold.ttf"; sourceTree = "<group>"; };
		499CCB9D2952EAA200D8B782 /* SFProText-Light.ttf */ = {isa = PBXFileReference; lastKnownFileType = file; path = "SFProText-Light.ttf"; sourceTree = "<group>"; };
		499CCB9E2952EAAA00D8B782 /* SFProText-Medium.ttf */ = {isa = PBXFileReference; lastKnownFileType = file; path = "SFProText-Medium.ttf"; sourceTree = "<group>"; };
		499CCB9F2952EAB100D8B782 /* SFProText-Regular.ttf */ = {isa = PBXFileReference; lastKnownFileType = file; path = "SFProText-Regular.ttf"; sourceTree = "<group>"; };
		499CCBA02952EAB700D8B782 /* SFProText-Semibold.ttf */ = {isa = PBXFileReference; lastKnownFileType = file; path = "SFProText-Semibold.ttf"; sourceTree = "<group>"; };
		499CCBA12952EABF00D8B782 /* SFProText-Thin.ttf */ = {isa = PBXFileReference; lastKnownFileType = file; path = "SFProText-Thin.ttf"; sourceTree = "<group>"; };
		499CCBA82952EB3C00D8B782 /* Makaty-UI-Info.plist */ = {isa = PBXFileReference; lastKnownFileType = text.plist; path = "Makaty-UI-Info.plist"; sourceTree = SOURCE_ROOT; };
		499CCBA92952EBCF00D8B782 /* SFProText-Ultralight.ttf */ = {isa = PBXFileReference; lastKnownFileType = file; path = "SFProText-Ultralight.ttf"; sourceTree = "<group>"; };
		499CCBAB295480B600D8B782 /* SectionColoredView.swift */ = {isa = PBXFileReference; lastKnownFileType = sourcecode.swift; path = SectionColoredView.swift; sourceTree = "<group>"; };
		499CCBB629557D5700D8B782 /* OutlinedButton.swift */ = {isa = PBXFileReference; lastKnownFileType = sourcecode.swift; path = OutlinedButton.swift; sourceTree = "<group>"; };
		499CCBB829557E9E00D8B782 /* IconButton.swift */ = {isa = PBXFileReference; lastKnownFileType = sourcecode.swift; path = IconButton.swift; sourceTree = "<group>"; };
		499CCBBA2955D02E00D8B782 /* Color+Extensions.swift */ = {isa = PBXFileReference; lastKnownFileType = sourcecode.swift; path = "Color+Extensions.swift"; sourceTree = "<group>"; };
		499CCBBD29596B6E00D8B782 /* ProblematicView.swift */ = {isa = PBXFileReference; lastKnownFileType = sourcecode.swift; path = ProblematicView.swift; sourceTree = "<group>"; };
		499CCBBF2959790F00D8B782 /* UserNotActivedScreen.swift */ = {isa = PBXFileReference; lastKnownFileType = sourcecode.swift; path = UserNotActivedScreen.swift; sourceTree = "<group>"; };
		499CCBC429597E7E00D8B782 /* OfferViewModel.swift */ = {isa = PBXFileReference; lastKnownFileType = sourcecode.swift; path = OfferViewModel.swift; sourceTree = "<group>"; };
		499CCBC729597F1900D8B782 /* OfferDataModel.swift */ = {isa = PBXFileReference; lastKnownFileType = sourcecode.swift; path = OfferDataModel.swift; sourceTree = "<group>"; };
		499CCBCB295981EE00D8B782 /* OfferViewRow.swift */ = {isa = PBXFileReference; lastKnownFileType = sourcecode.swift; path = OfferViewRow.swift; sourceTree = "<group>"; };
		499CCBCD2959A37C00D8B782 /* OfferScreen.swift */ = {isa = PBXFileReference; lastKnownFileType = sourcecode.swift; path = OfferScreen.swift; sourceTree = "<group>"; };
		499CCBCF2959C39D00D8B782 /* ProductsScreen.swift */ = {isa = PBXFileReference; lastKnownFileType = sourcecode.swift; path = ProductsScreen.swift; sourceTree = "<group>"; };
		499CCBD12959C49F00D8B782 /* PointLabel.swift */ = {isa = PBXFileReference; lastKnownFileType = sourcecode.swift; path = PointLabel.swift; sourceTree = "<group>"; };
		499CCBD32959C71500D8B782 /* PaymentLabel.swift */ = {isa = PBXFileReference; lastKnownFileType = sourcecode.swift; path = PaymentLabel.swift; sourceTree = "<group>"; };
		499CCBD62959CDA200D8B782 /* ProductViewRow.swift */ = {isa = PBXFileReference; lastKnownFileType = sourcecode.swift; path = ProductViewRow.swift; sourceTree = "<group>"; };
		499CCBDB2959DBE100D8B782 /* TipsScreen.swift */ = {isa = PBXFileReference; lastKnownFileType = sourcecode.swift; path = TipsScreen.swift; sourceTree = "<group>"; };
		499CCBDF2959DCA400D8B782 /* ArticleFilterViewModel.swift */ = {isa = PBXFileReference; lastKnownFileType = sourcecode.swift; path = ArticleFilterViewModel.swift; sourceTree = "<group>"; };
		499CCBE22959DE2A00D8B782 /* TipDataModel.swift */ = {isa = PBXFileReference; lastKnownFileType = sourcecode.swift; path = TipDataModel.swift; sourceTree = "<group>"; };
		499CCBE42959DE9000D8B782 /* TipViewModel.swift */ = {isa = PBXFileReference; lastKnownFileType = sourcecode.swift; path = TipViewModel.swift; sourceTree = "<group>"; };
		499CCBE72959DFAA00D8B782 /* TipViewRow.swift */ = {isa = PBXFileReference; lastKnownFileType = sourcecode.swift; path = TipViewRow.swift; sourceTree = "<group>"; };
		499CCBE9295AC8DC00D8B782 /* TipScreen.swift */ = {isa = PBXFileReference; lastKnownFileType = sourcecode.swift; path = TipScreen.swift; sourceTree = "<group>"; };
		499CCBEF295AD30800D8B782 /* StringProtocol+Extensions.swift */ = {isa = PBXFileReference; lastKnownFileType = sourcecode.swift; path = "StringProtocol+Extensions.swift"; sourceTree = "<group>"; };
		499CCBF1295AD32D00D8B782 /* Text+Extensions.swift */ = {isa = PBXFileReference; lastKnownFileType = sourcecode.swift; path = "Text+Extensions.swift"; sourceTree = "<group>"; };
		49AB672A2977C09A006B4695 /* AuthViewModel.swift */ = {isa = PBXFileReference; lastKnownFileType = sourcecode.swift; path = AuthViewModel.swift; sourceTree = "<group>"; };
		49AB672C2977C481006B4695 /* UserDataModel.swift */ = {isa = PBXFileReference; lastKnownFileType = sourcecode.swift; path = UserDataModel.swift; sourceTree = "<group>"; };
		49AB67312977C69F006B4695 /* EndPoint.swift */ = {isa = PBXFileReference; lastKnownFileType = sourcecode.swift; path = EndPoint.swift; sourceTree = "<group>"; };
		49AB67342977C6F1006B4695 /* Service.swift */ = {isa = PBXFileReference; lastKnownFileType = sourcecode.swift; path = Service.swift; sourceTree = "<group>"; };
		49AB67372977C808006B4695 /* SignInRes.swift */ = {isa = PBXFileReference; lastKnownFileType = sourcecode.swift; path = SignInRes.swift; sourceTree = "<group>"; };
		49AB67392977C8DE006B4695 /* NetworkErrorDataModel.swift */ = {isa = PBXFileReference; lastKnownFileType = sourcecode.swift; path = NetworkErrorDataModel.swift; sourceTree = "<group>"; };
		49AB673B2977C9AE006B4695 /* SignInBody.swift */ = {isa = PBXFileReference; lastKnownFileType = sourcecode.swift; path = SignInBody.swift; sourceTree = "<group>"; };
		49AB673E2977D467006B4695 /* UserRes.swift */ = {isa = PBXFileReference; lastKnownFileType = sourcecode.swift; path = UserRes.swift; sourceTree = "<group>"; };
		49C7F8D32964420E000EF6FE /* NotificationAlert.swift */ = {isa = PBXFileReference; lastKnownFileType = sourcecode.swift; path = NotificationAlert.swift; sourceTree = "<group>"; };
		49C7F8D829644967000EF6FE /* ActivateNotifScreen.swift */ = {isa = PBXFileReference; lastKnownFileType = sourcecode.swift; path = ActivateNotifScreen.swift; sourceTree = "<group>"; };
		49C7F8DA29644EC0000EF6FE /* FixedButton.swift */ = {isa = PBXFileReference; lastKnownFileType = sourcecode.swift; path = FixedButton.swift; sourceTree = "<group>"; };
		49C7F8DD2964563A000EF6FE /* Utils.swift */ = {isa = PBXFileReference; lastKnownFileType = sourcecode.swift; path = Utils.swift; sourceTree = "<group>"; };
		49C7F8DF29645658000EF6FE /* Constants.swift */ = {isa = PBXFileReference; lastKnownFileType = sourcecode.swift; path = Constants.swift; sourceTree = "<group>"; };
		49C7F8E129646F10000EF6FE /* Shape+Extensions.swift */ = {isa = PBXFileReference; lastKnownFileType = sourcecode.swift; path = "Shape+Extensions.swift"; sourceTree = "<group>"; };
		49D221B329435987006B3730 /* IconWithLabel.swift */ = {isa = PBXFileReference; lastKnownFileType = sourcecode.swift; path = IconWithLabel.swift; sourceTree = "<group>"; };
		49D221B529435A40006B3730 /* CustomPointViewRow.swift */ = {isa = PBXFileReference; lastKnownFileType = sourcecode.swift; path = CustomPointViewRow.swift; sourceTree = "<group>"; };
/* End PBXFileReference section */

/* Begin PBXFrameworksBuildPhase section */
		4976F4BF2938C8880061C781 /* Frameworks */ = {
			isa = PBXFrameworksBuildPhase;
			buildActionMask = 2147483647;
			files = (
				49AB67272977C049006B4695 /* Alamofire in Frameworks */,
				499CCBF5295B095D00D8B782 /* Kingfisher in Frameworks */,
				49D221BF29435F92006B3730 /* FirebaseMessaging in Frameworks */,
				49D221BB29435F92006B3730 /* FirebaseAuth in Frameworks */,
				49D221BD29435F92006B3730 /* FirebaseFirestore in Frameworks */,
			);
			runOnlyForDeploymentPostprocessing = 0;
		};
/* End PBXFrameworksBuildPhase section */

/* Begin PBXGroup section */
		493BF2832950602200E8A280 /* Navigation */ = {
			isa = PBXGroup;
			children = (
				493BF2842950604100E8A280 /* TopNavigationBar.swift */,
			);
			path = Navigation;
			sourceTree = "<group>";
		};
		493BF2862950848F00E8A280 /* Sections */ = {
			isa = PBXGroup;
			children = (
				493BF2872950860800E8A280 /* SectionView.swift */,
				493BF28929508A4E00E8A280 /* HLabel.swift */,
				499CCBAB295480B600D8B782 /* SectionColoredView.swift */,
			);
			path = Sections;
			sourceTree = "<group>";
		};
		49468506295D5DEF00A53532 /* Network */ = {
			isa = PBXGroup;
			children = (
				49468507295D5E0D00A53532 /* NetworkMonitor.swift */,
			);
			path = Network;
			sourceTree = "<group>";
		};
		49468509295D5E5200A53532 /* Alert */ = {
			isa = PBXGroup;
			children = (
				4946850A295D5E6C00A53532 /* NetworkAlert.swift */,
				49C7F8D32964420E000EF6FE /* NotificationAlert.swift */,
			);
			path = Alert;
			sourceTree = "<group>";
		};
		4976F4B92938C8880061C781 = {
			isa = PBXGroup;
			children = (
				4976F4C42938C8880061C781 /* Makaty_UI */,
				4976F4C32938C8880061C781 /* Products */,
			);
			sourceTree = "<group>";
		};
		4976F4C32938C8880061C781 /* Products */ = {
			isa = PBXGroup;
			children = (
				4976F4C22938C8880061C781 /* Makaty_UI.app */,
			);
			name = Products;
			sourceTree = "<group>";
		};
		4976F4C42938C8880061C781 /* Makaty_UI */ = {
			isa = PBXGroup;
			children = (
				499CCBA82952EB3C00D8B782 /* Makaty-UI-Info.plist */,
				4976F4C72938C8880061C781 /* ContentView.swift */,
				4976F4C52938C8880061C781 /* Makaty_UIApp.swift */,
				4976F4D32938CD420061C781 /* Core */,
				4976F4D82938CDC10061C781 /* Extensions */,
				4976F4FA2939F4430061C781 /* Utils */,
				4976F4D92938CDCE0061C781 /* Ressources */,
				4976F4CB2938C88A0061C781 /* Preview Content */,
			);
			path = Makaty_UI;
			sourceTree = "<group>";
		};
		4976F4CB2938C88A0061C781 /* Preview Content */ = {
			isa = PBXGroup;
			children = (
				4976F4CC2938C88A0061C781 /* Preview Assets.xcassets */,
			);
			path = "Preview Content";
			sourceTree = "<group>";
		};
		4976F4D32938CD420061C781 /* Core */ = {
			isa = PBXGroup;
			children = (
				49AB672E2977C640006B4695 /* Service */,
				4976F4EB2939CDB20061C781 /* Models */,
				4976F52A293DE3D80061C781 /* Styles */,
				4976F4D62938CD980061C781 /* Components */,
				4976F4D52938CD8F0061C781 /* Screens */,
			);
			path = Core;
			sourceTree = "<group>";
		};
		4976F4D52938CD8F0061C781 /* Screens */ = {
			isa = PBXGroup;
			children = (
				49AB67282977C066006B4695 /* Authentification */,
				4976F4DA2938CF080061C781 /* SplashScreen */,
				49C7F8D5296448E2000EF6FE /* Alert */,
				4976F4D72938CDB50061C781 /* Router */,
				4976F4FF2939FE280061C781 /* SideBarMenu */,
				4976F4DF2938DE250061C781 /* Home */,
				4976F4F62939F33F0061C781 /* Card */,
				4976F515293A39950061C781 /* Profile */,
				499CCBC129597E1F00D8B782 /* Offers */,
				499CCBD82959DBAB00D8B782 /* Tips */,
			);
			path = Screens;
			sourceTree = "<group>";
		};
		4976F4D62938CD980061C781 /* Components */ = {
			isa = PBXGroup;
			children = (
				49468509295D5E5200A53532 /* Alert */,
				499CCBE62959DF8F00D8B782 /* ViewRow */,
				499CCBBC29596B5000D8B782 /* ProblematicView */,
				493BF2862950848F00E8A280 /* Sections */,
				493BF2832950602200E8A280 /* Navigation */,
				4976F53F293E2B040061C781 /* AlignmentGuide */,
				4976F537293E1B0E0061C781 /* Chips */,
				4976F530293DED000061C781 /* Label */,
				4976F52D293DE54F0061C781 /* Switch */,
				4976F521293DD21C0061C781 /* DatePicker */,
				4976F51C293DC25A0061C781 /* TextField */,
				4976F5022939FF530061C781 /* Router */,
				4976F4FC2939F7B60061C781 /* ToolBar */,
				4976F4E32938E0E00061C781 /* Buttons */,
			);
			path = Components;
			sourceTree = "<group>";
		};
		4976F4D72938CDB50061C781 /* Router */ = {
			isa = PBXGroup;
			children = (
				4976F514293A35FA0061C781 /* ViewModels */,
				4976F513293A35F20061C781 /* Views */,
			);
			path = Router;
			sourceTree = "<group>";
		};
		4976F4D82938CDC10061C781 /* Extensions */ = {
			isa = PBXGroup;
			children = (
				4976F51F293DCF8D0061C781 /* View+HideKeyboard.swift */,
				4976F528293DE19B0061C781 /* View+TextStyle.swift */,
				499CCBBA2955D02E00D8B782 /* Color+Extensions.swift */,
				499CCBEF295AD30800D8B782 /* StringProtocol+Extensions.swift */,
				499CCBF1295AD32D00D8B782 /* Text+Extensions.swift */,
				4946850C295D6AA100A53532 /* Binding+Extensions.swift */,
				49C7F8E129646F10000EF6FE /* Shape+Extensions.swift */,
			);
			path = Extensions;
			sourceTree = "<group>";
		};
		4976F4D92938CDCE0061C781 /* Ressources */ = {
			isa = PBXGroup;
			children = (
				499CCB9B2952EA5000D8B782 /* fonts */,
				4976F4C92938C88A0061C781 /* Assets.xcassets */,
			);
			path = Ressources;
			sourceTree = "<group>";
		};
		4976F4DA2938CF080061C781 /* SplashScreen */ = {
			isa = PBXGroup;
			children = (
				4976F4DB2938CFA80061C781 /* Launch Screen.storyboard */,
				4976F4DD2938D2390061C781 /* LaunchScreenWithAnim.swift */,
			);
			path = SplashScreen;
			sourceTree = "<group>";
		};
		4976F4DF2938DE250061C781 /* Home */ = {
			isa = PBXGroup;
			children = (
				4976F4F12939D77C0061C781 /* ViewModels */,
				4976F4E02938DE770061C781 /* Views */,
			);
			path = Home;
			sourceTree = "<group>";
		};
		4976F4E02938DE770061C781 /* Views */ = {
			isa = PBXGroup;
			children = (
				4976F4E12938DE970061C781 /* HomeScreen.swift */,
				4976F4EF2939D4830061C781 /* HistoryScreen.swift */,
				493BF28129505F7600E8A280 /* DetailHistoryView.swift */,
			);
			path = Views;
			sourceTree = "<group>";
		};
		4976F4E32938E0E00061C781 /* Buttons */ = {
			isa = PBXGroup;
			children = (
				4976F4E42938E1150061C781 /* LargeButton.swift */,
				499CCBB629557D5700D8B782 /* OutlinedButton.swift */,
				499CCBB829557E9E00D8B782 /* IconButton.swift */,
				49C7F8DA29644EC0000EF6FE /* FixedButton.swift */,
			);
			path = Buttons;
			sourceTree = "<group>";
		};
		4976F4EB2939CDB20061C781 /* Models */ = {
			isa = PBXGroup;
			children = (
				499CCBC729597F1900D8B782 /* OfferDataModel.swift */,
				499CCBE22959DE2A00D8B782 /* TipDataModel.swift */,
				49468504295C898100A53532 /* PurshasedProductDataModel.swift */,
				4976F4ED2939CDE10061C781 /* OrderDataModel.swift */,
				4976F53C293E1C8F0061C781 /* ChipDataModel.swift */,
				493BF27F29505CD000E8A280 /* ProductDataModel.swift */,
				49AB672C2977C481006B4695 /* UserDataModel.swift */,
				49AB67392977C8DE006B4695 /* NetworkErrorDataModel.swift */,
			);
			path = Models;
			sourceTree = "<group>";
		};
		4976F4F12939D77C0061C781 /* ViewModels */ = {
			isa = PBXGroup;
			children = (
				4976F4F22939D7C80061C781 /* PointFilterViewModel.swift */,
				4976F4F42939E7520061C781 /* PointViewModel.swift */,
			);
			path = ViewModels;
			sourceTree = "<group>";
		};
		4976F4F62939F33F0061C781 /* Card */ = {
			isa = PBXGroup;
			children = (
				4976F4F72939F3480061C781 /* Views */,
			);
			path = Card;
			sourceTree = "<group>";
		};
		4976F4F72939F3480061C781 /* Views */ = {
			isa = PBXGroup;
			children = (
				4976F4F82939F35C0061C781 /* CardScreen.swift */,
			);
			path = Views;
			sourceTree = "<group>";
		};
		4976F4FA2939F4430061C781 /* Utils */ = {
			isa = PBXGroup;
			children = (
				49C7F8DC29645617000EF6FE /* Functions */,
				49468506295D5DEF00A53532 /* Network */,
				4976F4FB2939F4510061C781 /* Constant */,
			);
			path = Utils;
			sourceTree = "<group>";
		};
		4976F4FB2939F4510061C781 /* Constant */ = {
			isa = PBXGroup;
			children = (
				49C7F8DF29645658000EF6FE /* Constants.swift */,
			);
			path = Constant;
			sourceTree = "<group>";
		};
		4976F4FC2939F7B60061C781 /* ToolBar */ = {
			isa = PBXGroup;
			children = (
				4976F50E293A30F80061C781 /* CustomToolBarContent.swift */,
			);
			path = ToolBar;
			sourceTree = "<group>";
		};
		4976F4FF2939FE280061C781 /* SideBarMenu */ = {
			isa = PBXGroup;
			children = (
				4976F517293A39CC0061C781 /* ViewModels */,
				4976F516293A39C80061C781 /* Views */,
			);
			path = SideBarMenu;
			sourceTree = "<group>";
		};
		4976F5022939FF530061C781 /* Router */ = {
			isa = PBXGroup;
			children = (
				4976F506293A14A50061C781 /* LinkLabel.swift */,
			);
			path = Router;
			sourceTree = "<group>";
		};
		4976F513293A35F20061C781 /* Views */ = {
			isa = PBXGroup;
			children = (
				4976F50C293A29290061C781 /* RouterScreen.swift */,
			);
			path = Views;
			sourceTree = "<group>";
		};
		4976F514293A35FA0061C781 /* ViewModels */ = {
			isa = PBXGroup;
			children = (
				4976F50A293A28910061C781 /* RouterViewModel.swift */,
			);
			path = ViewModels;
			sourceTree = "<group>";
		};
		4976F515293A39950061C781 /* Profile */ = {
			isa = PBXGroup;
			children = (
				4976F519293A3A1F0061C781 /* ViewModels */,
				4976F518293A3A160061C781 /* Views */,
			);
			path = Profile;
			sourceTree = "<group>";
		};
		4976F516293A39C80061C781 /* Views */ = {
			isa = PBXGroup;
			children = (
				4976F5002939FE430061C781 /* SideMenuScreen.swift */,
			);
			path = Views;
			sourceTree = "<group>";
		};
		4976F517293A39CC0061C781 /* ViewModels */ = {
			isa = PBXGroup;
			children = (
				4976F508293A163A0061C781 /* SideMenuViewModel.swift */,
			);
			path = ViewModels;
			sourceTree = "<group>";
		};
		4976F518293A3A160061C781 /* Views */ = {
			isa = PBXGroup;
			children = (
				4976F51A293A3A2F0061C781 /* ProfileScreen.swift */,
				4976F535293E181C0061C781 /* EditProfileScreen.swift */,
				499CCBBF2959790F00D8B782 /* UserNotActivedScreen.swift */,
			);
			path = Views;
			sourceTree = "<group>";
		};
		4976F519293A3A1F0061C781 /* ViewModels */ = {
			isa = PBXGroup;
			children = (
			);
			path = ViewModels;
			sourceTree = "<group>";
		};
		4976F51C293DC25A0061C781 /* TextField */ = {
			isa = PBXGroup;
			children = (
				4976F51D293DC33E0061C781 /* TextFormField.swift */,
			);
			path = TextField;
			sourceTree = "<group>";
		};
		4976F521293DD21C0061C781 /* DatePicker */ = {
			isa = PBXGroup;
			children = (
				4976F522293DD22F0061C781 /* CustomDatePicker.swift */,
			);
			path = DatePicker;
			sourceTree = "<group>";
		};
		4976F52A293DE3D80061C781 /* Styles */ = {
			isa = PBXGroup;
			children = (
				4976F526293DE0EE0061C781 /* TextWithButtonStyle.swift */,
				4976F52B293DE4030061C781 /* TextStyle.swift */,
			);
			path = Styles;
			sourceTree = "<group>";
		};
		4976F52D293DE54F0061C781 /* Switch */ = {
			isa = PBXGroup;
			children = (
				4976F52E293DE5600061C781 /* CustomSwitch.swift */,
			);
			path = Switch;
			sourceTree = "<group>";
		};
		4976F530293DED000061C781 /* Label */ = {
			isa = PBXGroup;
			children = (
				499CCBD12959C49F00D8B782 /* PointLabel.swift */,
				4976F533293DF0160061C781 /* TextFieldDisabled.swift */,
				49D221B329435987006B3730 /* IconWithLabel.swift */,
				499CCBD32959C71500D8B782 /* PaymentLabel.swift */,
			);
			path = Label;
			sourceTree = "<group>";
		};
		4976F537293E1B0E0061C781 /* Chips */ = {
			isa = PBXGroup;
			children = (
				4976F538293E1B3C0061C781 /* Chips.swift */,
				4976F53A293E1C290061C781 /* ChipsContent.swift */,
			);
			path = Chips;
			sourceTree = "<group>";
		};
		4976F53F293E2B040061C781 /* AlignmentGuide */ = {
			isa = PBXGroup;
			children = (
				4976F540293E2B1B0061C781 /* ExampleAlignmentGuide.swift */,
			);
			path = AlignmentGuide;
			sourceTree = "<group>";
		};
		499CCB9B2952EA5000D8B782 /* fonts */ = {
			isa = PBXGroup;
			children = (
				499CCBA12952EABF00D8B782 /* SFProText-Thin.ttf */,
				499CCBA02952EAB700D8B782 /* SFProText-Semibold.ttf */,
				499CCBA92952EBCF00D8B782 /* SFProText-Ultralight.ttf */,
				499CCB9F2952EAB100D8B782 /* SFProText-Regular.ttf */,
				499CCB9E2952EAAA00D8B782 /* SFProText-Medium.ttf */,
				499CCB9D2952EAA200D8B782 /* SFProText-Light.ttf */,
				499CCB9C2952EA9600D8B782 /* SFProText-Bold.ttf */,
			);
			path = fonts;
			sourceTree = "<group>";
		};
		499CCBBC29596B5000D8B782 /* ProblematicView */ = {
			isa = PBXGroup;
			children = (
				499CCBBD29596B6E00D8B782 /* ProblematicView.swift */,
			);
			path = ProblematicView;
			sourceTree = "<group>";
		};
		499CCBC129597E1F00D8B782 /* Offers */ = {
			isa = PBXGroup;
			children = (
				499CCBC329597E4100D8B782 /* ViewModels */,
				499CCBC229597E3B00D8B782 /* Views */,
			);
			path = Offers;
			sourceTree = "<group>";
		};
		499CCBC229597E3B00D8B782 /* Views */ = {
			isa = PBXGroup;
			children = (
				499CCBCD2959A37C00D8B782 /* OfferScreen.swift */,
				499CCBCF2959C39D00D8B782 /* ProductsScreen.swift */,
			);
			path = Views;
			sourceTree = "<group>";
		};
		499CCBC329597E4100D8B782 /* ViewModels */ = {
			isa = PBXGroup;
			children = (
				499CCBC429597E7E00D8B782 /* OfferViewModel.swift */,
			);
			path = ViewModels;
			sourceTree = "<group>";
		};
		499CCBD82959DBAB00D8B782 /* Tips */ = {
			isa = PBXGroup;
			children = (
				499CCBD92959DBBF00D8B782 /* ViewModels */,
				499CCBDA2959DBC600D8B782 /* Views */,
			);
			path = Tips;
			sourceTree = "<group>";
		};
		499CCBD92959DBBF00D8B782 /* ViewModels */ = {
			isa = PBXGroup;
			children = (
				499CCBDF2959DCA400D8B782 /* ArticleFilterViewModel.swift */,
				499CCBE42959DE9000D8B782 /* TipViewModel.swift */,
			);
			path = ViewModels;
			sourceTree = "<group>";
		};
		499CCBDA2959DBC600D8B782 /* Views */ = {
			isa = PBXGroup;
			children = (
				499CCBDB2959DBE100D8B782 /* TipsScreen.swift */,
				499CCBE9295AC8DC00D8B782 /* TipScreen.swift */,
			);
			path = Views;
			sourceTree = "<group>";
		};
		499CCBE62959DF8F00D8B782 /* ViewRow */ = {
			isa = PBXGroup;
			children = (
				499CCBCB295981EE00D8B782 /* OfferViewRow.swift */,
				499CCBD62959CDA200D8B782 /* ProductViewRow.swift */,
				49D221B529435A40006B3730 /* CustomPointViewRow.swift */,
				499CCBE72959DFAA00D8B782 /* TipViewRow.swift */,
			);
			path = ViewRow;
			sourceTree = "<group>";
		};
		49AB67282977C066006B4695 /* Authentification */ = {
			isa = PBXGroup;
			children = (
				49AB67292977C071006B4695 /* ViewModels */,
			);
			path = Authentification;
			sourceTree = "<group>";
		};
		49AB67292977C071006B4695 /* ViewModels */ = {
			isa = PBXGroup;
			children = (
				49AB672A2977C09A006B4695 /* AuthViewModel.swift */,
			);
			path = ViewModels;
			sourceTree = "<group>";
		};
		49AB672E2977C640006B4695 /* Service */ = {
			isa = PBXGroup;
			children = (
				49AB672F2977C669006B4695 /* Authentificaiton */,
				49AB67312977C69F006B4695 /* EndPoint.swift */,
				49AB67342977C6F1006B4695 /* Service.swift */,
			);
			path = Service;
			sourceTree = "<group>";
		};
		49AB672F2977C669006B4695 /* Authentificaiton */ = {
			isa = PBXGroup;
			children = (
				49AB673D2977D1D4006B4695 /* UserResponse */,
				49AB67362977C7EE006B4695 /* SignIn */,
			);
			path = Authentificaiton;
			sourceTree = "<group>";
		};
		49AB67362977C7EE006B4695 /* SignIn */ = {
			isa = PBXGroup;
			children = (
				49AB67372977C808006B4695 /* SignInRes.swift */,
				49AB673B2977C9AE006B4695 /* SignInBody.swift */,
			);
			path = SignIn;
			sourceTree = "<group>";
		};
		49AB673D2977D1D4006B4695 /* UserResponse */ = {
			isa = PBXGroup;
			children = (
				49AB673E2977D467006B4695 /* UserRes.swift */,
			);
			path = UserResponse;
			sourceTree = "<group>";
		};
		49C7F8D5296448E2000EF6FE /* Alert */ = {
			isa = PBXGroup;
			children = (
				49C7F8D6296448F2000EF6FE /* ViewModels */,
				49C7F8D729644928000EF6FE /* Views */,
			);
			path = Alert;
			sourceTree = "<group>";
		};
		49C7F8D6296448F2000EF6FE /* ViewModels */ = {
			isa = PBXGroup;
			children = (
			);
			path = ViewModels;
			sourceTree = "<group>";
		};
		49C7F8D729644928000EF6FE /* Views */ = {
			isa = PBXGroup;
			children = (
				49C7F8D829644967000EF6FE /* ActivateNotifScreen.swift */,
			);
			path = Views;
			sourceTree = "<group>";
		};
		49C7F8DC29645617000EF6FE /* Functions */ = {
			isa = PBXGroup;
			children = (
				49C7F8DD2964563A000EF6FE /* Utils.swift */,
			);
			path = Functions;
			sourceTree = "<group>";
		};
/* End PBXGroup section */

/* Begin PBXNativeTarget section */
		4976F4C12938C8880061C781 /* Makaty_UI */ = {
			isa = PBXNativeTarget;
			buildConfigurationList = 4976F4D02938C88A0061C781 /* Build configuration list for PBXNativeTarget "Makaty_UI" */;
			buildPhases = (
				4976F4BE2938C8880061C781 /* Sources */,
				4976F4BF2938C8880061C781 /* Frameworks */,
				4976F4C02938C8880061C781 /* Resources */,
			);
			buildRules = (
			);
			dependencies = (
			);
			name = Makaty_UI;
			packageProductDependencies = (
				49D221BA29435F92006B3730 /* FirebaseAuth */,
				49D221BC29435F92006B3730 /* FirebaseFirestore */,
				49D221BE29435F92006B3730 /* FirebaseMessaging */,
				499CCBF4295B095D00D8B782 /* Kingfisher */,
				49AB67262977C049006B4695 /* Alamofire */,
			);
			productName = Makaty_UI;
			productReference = 4976F4C22938C8880061C781 /* Makaty_UI.app */;
			productType = "com.apple.product-type.application";
		};
/* End PBXNativeTarget section */

/* Begin PBXProject section */
		4976F4BA2938C8880061C781 /* Project object */ = {
			isa = PBXProject;
			attributes = {
				BuildIndependentTargetsInParallel = 1;
				LastSwiftUpdateCheck = 1410;
				LastUpgradeCheck = 1410;
				TargetAttributes = {
					4976F4C12938C8880061C781 = {
						CreatedOnToolsVersion = 14.1;
					};
				};
			};
			buildConfigurationList = 4976F4BD2938C8880061C781 /* Build configuration list for PBXProject "Makaty_UI" */;
			compatibilityVersion = "Xcode 14.0";
			developmentRegion = en;
			hasScannedForEncodings = 0;
			knownRegions = (
				en,
				Base,
			);
			mainGroup = 4976F4B92938C8880061C781;
			packageReferences = (
				49D221B929435F92006B3730 /* XCRemoteSwiftPackageReference "firebase-ios-sdk" */,
				499CCBF3295B095D00D8B782 /* XCRemoteSwiftPackageReference "Kingfisher" */,
				49AB67252977C048006B4695 /* XCRemoteSwiftPackageReference "Alamofire" */,
			);
			productRefGroup = 4976F4C32938C8880061C781 /* Products */;
			projectDirPath = "";
			projectRoot = "";
			targets = (
				4976F4C12938C8880061C781 /* Makaty_UI */,
			);
		};
/* End PBXProject section */

/* Begin PBXResourcesBuildPhase section */
		4976F4C02938C8880061C781 /* Resources */ = {
			isa = PBXResourcesBuildPhase;
			buildActionMask = 2147483647;
			files = (
				499CCBA62952EAFA00D8B782 /* SFProText-Light.ttf in Resources */,
				499CCBAA2952EBCF00D8B782 /* SFProText-Ultralight.ttf in Resources */,
				4976F4DC2938CFA80061C781 /* Launch Screen.storyboard in Resources */,
				499CCBA52952EAF800D8B782 /* SFProText-Medium.ttf in Resources */,
				4976F4CD2938C88A0061C781 /* Preview Assets.xcassets in Resources */,
				499CCBA42952EAF600D8B782 /* SFProText-Regular.ttf in Resources */,
				499CCBA22952EAEF00D8B782 /* SFProText-Thin.ttf in Resources */,
				499CCBA32952EAF300D8B782 /* SFProText-Semibold.ttf in Resources */,
				499CCBA72952EAFC00D8B782 /* SFProText-Bold.ttf in Resources */,
				4976F4CA2938C88A0061C781 /* Assets.xcassets in Resources */,
			);
			runOnlyForDeploymentPostprocessing = 0;
		};
/* End PBXResourcesBuildPhase section */

/* Begin PBXSourcesBuildPhase section */
		4976F4BE2938C8880061C781 /* Sources */ = {
			isa = PBXSourcesBuildPhase;
			buildActionMask = 2147483647;
			files = (
				49AB672D2977C481006B4695 /* UserDataModel.swift in Sources */,
				49D221B429435987006B3730 /* IconWithLabel.swift in Sources */,
				49468508295D5E0D00A53532 /* NetworkMonitor.swift in Sources */,
				499CCBC529597E7E00D8B782 /* OfferViewModel.swift in Sources */,
				4976F4F52939E7520061C781 /* PointViewModel.swift in Sources */,
				49AB67352977C6F1006B4695 /* Service.swift in Sources */,
				4976F4DE2938D2390061C781 /* LaunchScreenWithAnim.swift in Sources */,
				49D221B629435A40006B3730 /* CustomPointViewRow.swift in Sources */,
				49C7F8E029645658000EF6FE /* Constants.swift in Sources */,
				493BF2882950860800E8A280 /* SectionView.swift in Sources */,
				499CCBC02959791000D8B782 /* UserNotActivedScreen.swift in Sources */,
				499CCBCC295981EE00D8B782 /* OfferViewRow.swift in Sources */,
				49AB672B2977C09A006B4695 /* AuthViewModel.swift in Sources */,
				499CCBB929557E9E00D8B782 /* IconButton.swift in Sources */,
				4976F523293DD22F0061C781 /* CustomDatePicker.swift in Sources */,
				49C7F8DB29644EC0000EF6FE /* FixedButton.swift in Sources */,
				4976F4E52938E1150061C781 /* LargeButton.swift in Sources */,
				499CCBBB2955D02E00D8B782 /* Color+Extensions.swift in Sources */,
				493BF28A29508A4E00E8A280 /* HLabel.swift in Sources */,
				4976F529293DE19C0061C781 /* View+TextStyle.swift in Sources */,
				4976F527293DE0EE0061C781 /* TextWithButtonStyle.swift in Sources */,
				499CCBD42959C71500D8B782 /* PaymentLabel.swift in Sources */,
				499CCBF0295AD30800D8B782 /* StringProtocol+Extensions.swift in Sources */,
				4976F51B293A3A2F0061C781 /* ProfileScreen.swift in Sources */,
				4976F4C82938C8880061C781 /* ContentView.swift in Sources */,
				4946850D295D6AA100A53532 /* Binding+Extensions.swift in Sources */,
				4976F507293A14A50061C781 /* LinkLabel.swift in Sources */,
				4976F4F32939D7C80061C781 /* PointFilterViewModel.swift in Sources */,
				493BF2852950604100E8A280 /* TopNavigationBar.swift in Sources */,
				49C7F8D929644967000EF6FE /* ActivateNotifScreen.swift in Sources */,
				499CCBE32959DE2A00D8B782 /* TipDataModel.swift in Sources */,
				499CCBBE29596B6E00D8B782 /* ProblematicView.swift in Sources */,
				49AB673F2977D467006B4695 /* UserRes.swift in Sources */,
				49AB67382977C808006B4695 /* SignInRes.swift in Sources */,
				4976F51E293DC33E0061C781 /* TextFormField.swift in Sources */,
				4976F5012939FE430061C781 /* SideMenuScreen.swift in Sources */,
				4976F52F293DE5600061C781 /* CustomSwitch.swift in Sources */,
				4976F50D293A29290061C781 /* RouterScreen.swift in Sources */,
				499CCBEA295AC8DC00D8B782 /* TipScreen.swift in Sources */,
				4946850B295D5E6C00A53532 /* NetworkAlert.swift in Sources */,
				4976F509293A163A0061C781 /* SideMenuViewModel.swift in Sources */,
				499CCBD22959C49F00D8B782 /* PointLabel.swift in Sources */,
				4976F541293E2B1B0061C781 /* ExampleAlignmentGuide.swift in Sources */,
				499CCBE02959DCA400D8B782 /* ArticleFilterViewModel.swift in Sources */,
				4976F53B293E1C290061C781 /* ChipsContent.swift in Sources */,
				4976F520293DCF8D0061C781 /* View+HideKeyboard.swift in Sources */,
				49AB673C2977C9AE006B4695 /* SignInBody.swift in Sources */,
				499CCBD02959C39D00D8B782 /* ProductsScreen.swift in Sources */,
				49468505295C898100A53532 /* PurshasedProductDataModel.swift in Sources */,
				499CCBC829597F1900D8B782 /* OfferDataModel.swift in Sources */,
				49C7F8E229646F10000EF6FE /* Shape+Extensions.swift in Sources */,
				493BF28029505CD000E8A280 /* ProductDataModel.swift in Sources */,
				49C7F8DE2964563A000EF6FE /* Utils.swift in Sources */,
				4976F4F92939F35C0061C781 /* CardScreen.swift in Sources */,
				4976F539293E1B3C0061C781 /* Chips.swift in Sources */,
				4976F4F02939D4830061C781 /* HistoryScreen.swift in Sources */,
				4976F4E22938DE970061C781 /* HomeScreen.swift in Sources */,
				499CCBF2295AD32D00D8B782 /* Text+Extensions.swift in Sources */,
				49AB673A2977C8DE006B4695 /* NetworkErrorDataModel.swift in Sources */,
				499CCBD72959CDA200D8B782 /* ProductViewRow.swift in Sources */,
				499CCBB729557D5700D8B782 /* OutlinedButton.swift in Sources */,
				499CCBE52959DE9000D8B782 /* TipViewModel.swift in Sources */,
				4976F53D293E1C8F0061C781 /* ChipDataModel.swift in Sources */,
				4976F534293DF0160061C781 /* TextFieldDisabled.swift in Sources */,
				4976F50F293A30F80061C781 /* CustomToolBarContent.swift in Sources */,
				499CCBDC2959DBE100D8B782 /* TipsScreen.swift in Sources */,
				4976F52C293DE4030061C781 /* TextStyle.swift in Sources */,
				4976F50B293A28910061C781 /* RouterViewModel.swift in Sources */,
				499CCBAC295480B600D8B782 /* SectionColoredView.swift in Sources */,
				4976F536293E181C0061C781 /* EditProfileScreen.swift in Sources */,
				499CCBE82959DFAA00D8B782 /* TipViewRow.swift in Sources */,
				49AB67322977C69F006B4695 /* EndPoint.swift in Sources */,
				4976F4EE2939CDE10061C781 /* OrderDataModel.swift in Sources */,
				493BF28229505F7600E8A280 /* DetailHistoryView.swift in Sources */,
				49C7F8D42964420E000EF6FE /* NotificationAlert.swift in Sources */,
				499CCBCE2959A37C00D8B782 /* OfferScreen.swift in Sources */,
				4976F4C62938C8880061C781 /* Makaty_UIApp.swift in Sources */,
			);
			runOnlyForDeploymentPostprocessing = 0;
		};
/* End PBXSourcesBuildPhase section */

/* Begin XCBuildConfiguration section */
		4976F4CE2938C88A0061C781 /* Debug */ = {
			isa = XCBuildConfiguration;
			buildSettings = {
				ALWAYS_SEARCH_USER_PATHS = NO;
				CLANG_ANALYZER_NONNULL = YES;
				CLANG_ANALYZER_NUMBER_OBJECT_CONVERSION = YES_AGGRESSIVE;
				CLANG_CXX_LANGUAGE_STANDARD = "gnu++20";
				CLANG_ENABLE_MODULES = YES;
				CLANG_ENABLE_OBJC_ARC = YES;
				CLANG_ENABLE_OBJC_WEAK = YES;
				CLANG_WARN_BLOCK_CAPTURE_AUTORELEASING = YES;
				CLANG_WARN_BOOL_CONVERSION = YES;
				CLANG_WARN_COMMA = YES;
				CLANG_WARN_CONSTANT_CONVERSION = YES;
				CLANG_WARN_DEPRECATED_OBJC_IMPLEMENTATIONS = YES;
				CLANG_WARN_DIRECT_OBJC_ISA_USAGE = YES_ERROR;
				CLANG_WARN_DOCUMENTATION_COMMENTS = YES;
				CLANG_WARN_EMPTY_BODY = YES;
				CLANG_WARN_ENUM_CONVERSION = YES;
				CLANG_WARN_INFINITE_RECURSION = YES;
				CLANG_WARN_INT_CONVERSION = YES;
				CLANG_WARN_NON_LITERAL_NULL_CONVERSION = YES;
				CLANG_WARN_OBJC_IMPLICIT_RETAIN_SELF = YES;
				CLANG_WARN_OBJC_LITERAL_CONVERSION = YES;
				CLANG_WARN_OBJC_ROOT_CLASS = YES_ERROR;
				CLANG_WARN_QUOTED_INCLUDE_IN_FRAMEWORK_HEADER = YES;
				CLANG_WARN_RANGE_LOOP_ANALYSIS = YES;
				CLANG_WARN_STRICT_PROTOTYPES = YES;
				CLANG_WARN_SUSPICIOUS_MOVE = YES;
				CLANG_WARN_UNGUARDED_AVAILABILITY = YES_AGGRESSIVE;
				CLANG_WARN_UNREACHABLE_CODE = YES;
				CLANG_WARN__DUPLICATE_METHOD_MATCH = YES;
				COPY_PHASE_STRIP = NO;
				DEBUG_INFORMATION_FORMAT = dwarf;
				ENABLE_STRICT_OBJC_MSGSEND = YES;
				ENABLE_TESTABILITY = YES;
				GCC_C_LANGUAGE_STANDARD = gnu11;
				GCC_DYNAMIC_NO_PIC = NO;
				GCC_NO_COMMON_BLOCKS = YES;
				GCC_OPTIMIZATION_LEVEL = 0;
				GCC_PREPROCESSOR_DEFINITIONS = (
					"DEBUG=1",
					"$(inherited)",
				);
				GCC_WARN_64_TO_32_BIT_CONVERSION = YES;
				GCC_WARN_ABOUT_RETURN_TYPE = YES_ERROR;
				GCC_WARN_UNDECLARED_SELECTOR = YES;
				GCC_WARN_UNINITIALIZED_AUTOS = YES_AGGRESSIVE;
				GCC_WARN_UNUSED_FUNCTION = YES;
				GCC_WARN_UNUSED_VARIABLE = YES;
				IPHONEOS_DEPLOYMENT_TARGET = 16.1;
				MTL_ENABLE_DEBUG_INFO = INCLUDE_SOURCE;
				MTL_FAST_MATH = YES;
				ONLY_ACTIVE_ARCH = YES;
				SDKROOT = iphoneos;
				SWIFT_ACTIVE_COMPILATION_CONDITIONS = DEBUG;
				SWIFT_OPTIMIZATION_LEVEL = "-Onone";
			};
			name = Debug;
		};
		4976F4CF2938C88A0061C781 /* Release */ = {
			isa = XCBuildConfiguration;
			buildSettings = {
				ALWAYS_SEARCH_USER_PATHS = NO;
				CLANG_ANALYZER_NONNULL = YES;
				CLANG_ANALYZER_NUMBER_OBJECT_CONVERSION = YES_AGGRESSIVE;
				CLANG_CXX_LANGUAGE_STANDARD = "gnu++20";
				CLANG_ENABLE_MODULES = YES;
				CLANG_ENABLE_OBJC_ARC = YES;
				CLANG_ENABLE_OBJC_WEAK = YES;
				CLANG_WARN_BLOCK_CAPTURE_AUTORELEASING = YES;
				CLANG_WARN_BOOL_CONVERSION = YES;
				CLANG_WARN_COMMA = YES;
				CLANG_WARN_CONSTANT_CONVERSION = YES;
				CLANG_WARN_DEPRECATED_OBJC_IMPLEMENTATIONS = YES;
				CLANG_WARN_DIRECT_OBJC_ISA_USAGE = YES_ERROR;
				CLANG_WARN_DOCUMENTATION_COMMENTS = YES;
				CLANG_WARN_EMPTY_BODY = YES;
				CLANG_WARN_ENUM_CONVERSION = YES;
				CLANG_WARN_INFINITE_RECURSION = YES;
				CLANG_WARN_INT_CONVERSION = YES;
				CLANG_WARN_NON_LITERAL_NULL_CONVERSION = YES;
				CLANG_WARN_OBJC_IMPLICIT_RETAIN_SELF = YES;
				CLANG_WARN_OBJC_LITERAL_CONVERSION = YES;
				CLANG_WARN_OBJC_ROOT_CLASS = YES_ERROR;
				CLANG_WARN_QUOTED_INCLUDE_IN_FRAMEWORK_HEADER = YES;
				CLANG_WARN_RANGE_LOOP_ANALYSIS = YES;
				CLANG_WARN_STRICT_PROTOTYPES = YES;
				CLANG_WARN_SUSPICIOUS_MOVE = YES;
				CLANG_WARN_UNGUARDED_AVAILABILITY = YES_AGGRESSIVE;
				CLANG_WARN_UNREACHABLE_CODE = YES;
				CLANG_WARN__DUPLICATE_METHOD_MATCH = YES;
				COPY_PHASE_STRIP = NO;
				DEBUG_INFORMATION_FORMAT = "dwarf-with-dsym";
				ENABLE_NS_ASSERTIONS = NO;
				ENABLE_STRICT_OBJC_MSGSEND = YES;
				GCC_C_LANGUAGE_STANDARD = gnu11;
				GCC_NO_COMMON_BLOCKS = YES;
				GCC_WARN_64_TO_32_BIT_CONVERSION = YES;
				GCC_WARN_ABOUT_RETURN_TYPE = YES_ERROR;
				GCC_WARN_UNDECLARED_SELECTOR = YES;
				GCC_WARN_UNINITIALIZED_AUTOS = YES_AGGRESSIVE;
				GCC_WARN_UNUSED_FUNCTION = YES;
				GCC_WARN_UNUSED_VARIABLE = YES;
				IPHONEOS_DEPLOYMENT_TARGET = 16.1;
				MTL_ENABLE_DEBUG_INFO = NO;
				MTL_FAST_MATH = YES;
				SDKROOT = iphoneos;
				SWIFT_COMPILATION_MODE = wholemodule;
				SWIFT_OPTIMIZATION_LEVEL = "-O";
				VALIDATE_PRODUCT = YES;
			};
			name = Release;
		};
		4976F4D12938C88A0061C781 /* Debug */ = {
			isa = XCBuildConfiguration;
			buildSettings = {
				ASSETCATALOG_COMPILER_APPICON_NAME = AppIcon;
				ASSETCATALOG_COMPILER_GLOBAL_ACCENT_COLOR_NAME = AccentColor;
				CODE_SIGN_STYLE = Automatic;
				CURRENT_PROJECT_VERSION = 1;
				DEVELOPMENT_ASSET_PATHS = "\"Makaty_UI/Preview Content\"";
				DEVELOPMENT_TEAM = 5LP3MC28Z5;
				ENABLE_PREVIEWS = YES;
				GENERATE_INFOPLIST_FILE = YES;
				INFOPLIST_FILE = "Makaty-UI-Info.plist";
				INFOPLIST_KEY_UIApplicationSceneManifest_Generation = YES;
				INFOPLIST_KEY_UIApplicationSupportsIndirectInputEvents = YES;
				INFOPLIST_KEY_UILaunchStoryboardName = "Launch Screen.storyboard";
				INFOPLIST_KEY_UISupportedInterfaceOrientations = UIInterfaceOrientationPortrait;
				INFOPLIST_KEY_UISupportedInterfaceOrientations_iPad = "UIInterfaceOrientationLandscapeLeft UIInterfaceOrientationLandscapeRight UIInterfaceOrientationPortrait UIInterfaceOrientationPortraitUpsideDown";
				IPHONEOS_DEPLOYMENT_TARGET = 16.0;
				LD_RUNPATH_SEARCH_PATHS = (
					"$(inherited)",
					"@executable_path/Frameworks",
				);
				MARKETING_VERSION = 1.0;
				PRODUCT_BUNDLE_IDENTIFIER = "com.codetech.Makaty-UI";
				PRODUCT_NAME = "$(TARGET_NAME)";
				SUPPORTED_PLATFORMS = "iphoneos iphonesimulator";
				SUPPORTS_MACCATALYST = NO;
				SUPPORTS_MAC_DESIGNED_FOR_IPHONE_IPAD = NO;
				SWIFT_EMIT_LOC_STRINGS = YES;
				SWIFT_VERSION = 5.0;
				TARGETED_DEVICE_FAMILY = 1;
			};
			name = Debug;
		};
		4976F4D22938C88A0061C781 /* Release */ = {
			isa = XCBuildConfiguration;
			buildSettings = {
				ASSETCATALOG_COMPILER_APPICON_NAME = AppIcon;
				ASSETCATALOG_COMPILER_GLOBAL_ACCENT_COLOR_NAME = AccentColor;
				CODE_SIGN_STYLE = Automatic;
				CURRENT_PROJECT_VERSION = 1;
				DEVELOPMENT_ASSET_PATHS = "\"Makaty_UI/Preview Content\"";
				DEVELOPMENT_TEAM = 5LP3MC28Z5;
				ENABLE_PREVIEWS = YES;
				GENERATE_INFOPLIST_FILE = YES;
				INFOPLIST_FILE = "Makaty-UI-Info.plist";
				INFOPLIST_KEY_UIApplicationSceneManifest_Generation = YES;
				INFOPLIST_KEY_UIApplicationSupportsIndirectInputEvents = YES;
				INFOPLIST_KEY_UILaunchStoryboardName = "Launch Screen.storyboard";
				INFOPLIST_KEY_UISupportedInterfaceOrientations = UIInterfaceOrientationPortrait;
				INFOPLIST_KEY_UISupportedInterfaceOrientations_iPad = "UIInterfaceOrientationLandscapeLeft UIInterfaceOrientationLandscapeRight UIInterfaceOrientationPortrait UIInterfaceOrientationPortraitUpsideDown";
				IPHONEOS_DEPLOYMENT_TARGET = 16.0;
				LD_RUNPATH_SEARCH_PATHS = (
					"$(inherited)",
					"@executable_path/Frameworks",
				);
				MARKETING_VERSION = 1.0;
				PRODUCT_BUNDLE_IDENTIFIER = "com.codetech.Makaty-UI";
				PRODUCT_NAME = "$(TARGET_NAME)";
				SUPPORTED_PLATFORMS = "iphoneos iphonesimulator";
				SUPPORTS_MACCATALYST = NO;
				SUPPORTS_MAC_DESIGNED_FOR_IPHONE_IPAD = NO;
				SWIFT_EMIT_LOC_STRINGS = YES;
				SWIFT_VERSION = 5.0;
				TARGETED_DEVICE_FAMILY = 1;
			};
			name = Release;
		};
/* End XCBuildConfiguration section */

/* Begin XCConfigurationList section */
		4976F4BD2938C8880061C781 /* Build configuration list for PBXProject "Makaty_UI" */ = {
			isa = XCConfigurationList;
			buildConfigurations = (
				4976F4CE2938C88A0061C781 /* Debug */,
				4976F4CF2938C88A0061C781 /* Release */,
			);
			defaultConfigurationIsVisible = 0;
			defaultConfigurationName = Release;
		};
		4976F4D02938C88A0061C781 /* Build configuration list for PBXNativeTarget "Makaty_UI" */ = {
			isa = XCConfigurationList;
			buildConfigurations = (
				4976F4D12938C88A0061C781 /* Debug */,
				4976F4D22938C88A0061C781 /* Release */,
			);
			defaultConfigurationIsVisible = 0;
			defaultConfigurationName = Release;
		};
/* End XCConfigurationList section */

/* Begin XCRemoteSwiftPackageReference section */
		499CCBF3295B095D00D8B782 /* XCRemoteSwiftPackageReference "Kingfisher" */ = {
			isa = XCRemoteSwiftPackageReference;
			repositoryURL = "https://github.com/onevcat/Kingfisher";
			requirement = {
				branch = master;
				kind = branch;
			};
		};
		49AB67252977C048006B4695 /* XCRemoteSwiftPackageReference "Alamofire" */ = {
			isa = XCRemoteSwiftPackageReference;
			repositoryURL = "https://github.com/Alamofire/Alamofire.git";
			requirement = {
				branch = master;
				kind = branch;
			};
		};
		49D221B929435F92006B3730 /* XCRemoteSwiftPackageReference "firebase-ios-sdk" */ = {
			isa = XCRemoteSwiftPackageReference;
			repositoryURL = "https://github.com/firebase/firebase-ios-sdk";
			requirement = {
				branch = master;
				kind = branch;
			};
		};
/* End XCRemoteSwiftPackageReference section */

/* Begin XCSwiftPackageProductDependency section */
		499CCBF4295B095D00D8B782 /* Kingfisher */ = {
			isa = XCSwiftPackageProductDependency;
			package = 499CCBF3295B095D00D8B782 /* XCRemoteSwiftPackageReference "Kingfisher" */;
			productName = Kingfisher;
		};
		49AB67262977C049006B4695 /* Alamofire */ = {
			isa = XCSwiftPackageProductDependency;
			package = 49AB67252977C048006B4695 /* XCRemoteSwiftPackageReference "Alamofire" */;
			productName = Alamofire;
		};
		49D221BA29435F92006B3730 /* FirebaseAuth */ = {
			isa = XCSwiftPackageProductDependency;
			package = 49D221B929435F92006B3730 /* XCRemoteSwiftPackageReference "firebase-ios-sdk" */;
			productName = FirebaseAuth;
		};
		49D221BC29435F92006B3730 /* FirebaseFirestore */ = {
			isa = XCSwiftPackageProductDependency;
			package = 49D221B929435F92006B3730 /* XCRemoteSwiftPackageReference "firebase-ios-sdk" */;
			productName = FirebaseFirestore;
		};
		49D221BE29435F92006B3730 /* FirebaseMessaging */ = {
			isa = XCSwiftPackageProductDependency;
			package = 49D221B929435F92006B3730 /* XCRemoteSwiftPackageReference "firebase-ios-sdk" */;
			productName = FirebaseMessaging;
		};
/* End XCSwiftPackageProductDependency section */
	};
	rootObject = 4976F4BA2938C8880061C781 /* Project object */;
}
